// !$*UTF8*$!
{
	archiveVersion = 1;
	classes = {
	};
	objectVersion = 46;
	objects = {

/* Begin PBXBuildFile section */
		4C690BD918214AB300A823CC /* libtidy.dylib in Frameworks */ = {isa = PBXBuildFile; fileRef = 4C690BD818214AB300A823CC /* libtidy.dylib */; };
		4C937D791631AAE200F251FF /* UIKit.framework in Frameworks */ = {isa = PBXBuildFile; fileRef = 4C937D781631AAE200F251FF /* UIKit.framework */; };
		4C937D7B1631AAE200F251FF /* Foundation.framework in Frameworks */ = {isa = PBXBuildFile; fileRef = 4C937D7A1631AAE200F251FF /* Foundation.framework */; };
		4C937D7D1631AAE200F251FF /* CoreGraphics.framework in Frameworks */ = {isa = PBXBuildFile; fileRef = 4C937D7C1631AAE200F251FF /* CoreGraphics.framework */; };
		4C937DA41631B80700F251FF /* QuartzCore.framework in Frameworks */ = {isa = PBXBuildFile; fileRef = 4C937DA31631B80700F251FF /* QuartzCore.framework */; };
		4CA2F14416357BB90082ADFF /* AVFoundation.framework in Frameworks */ = {isa = PBXBuildFile; fileRef = 4CA2F14316357BB90082ADFF /* AVFoundation.framework */; };
		4CA582DC16386913009ACF37 /* CoreMedia.framework in Frameworks */ = {isa = PBXBuildFile; fileRef = 4CA582DB16386913009ACF37 /* CoreMedia.framework */; };
		4CEFB3EA19CA1F4B0095DCD2 /* DefaultSlideIcon.png in Resources */ = {isa = PBXBuildFile; fileRef = 4CEFB39519CA1F4B0095DCD2 /* DefaultSlideIcon.png */; };
		4CEFB3ED19CA1F4B0095DCD2 /* iLobby.xcdatamodeld in Sources */ = {isa = PBXBuildFile; fileRef = 4CEFB39A19CA1F4B0095DCD2 /* iLobby.xcdatamodeld */; };
		4CEFB3EF19CA1F4B0095DCD2 /* ILobbyConcurrentDictionary.m in Sources */ = {isa = PBXBuildFile; fileRef = 4CEFB39F19CA1F4B0095DCD2 /* ILobbyConcurrentDictionary.m */; };
		4CEFB3F019CA1F4B0095DCD2 /* ILobbyDownloadSession.m in Sources */ = {isa = PBXBuildFile; fileRef = 4CEFB3A119CA1F4B0095DCD2 /* ILobbyDownloadSession.m */; };
		4CEFB3F119CA1F4B0095DCD2 /* ILobbyDownloadStatus.m in Sources */ = {isa = PBXBuildFile; fileRef = 4CEFB3A319CA1F4B0095DCD2 /* ILobbyDownloadStatus.m */; };
		4CEFB3F219CA1F4B0095DCD2 /* ILobbyDownloadStatusCell.m in Sources */ = {isa = PBXBuildFile; fileRef = 4CEFB3A519CA1F4B0095DCD2 /* ILobbyDownloadStatusCell.m */; };
		4CEFB3F319CA1F4B0095DCD2 /* ILobbyFileInfoController.m in Sources */ = {isa = PBXBuildFile; fileRef = 4CEFB3A719CA1F4B0095DCD2 /* ILobbyFileInfoController.m */; };
		4CEFB3F419CA1F4B0095DCD2 /* ILobbyImageSlide.m in Sources */ = {isa = PBXBuildFile; fileRef = 4CEFB3A919CA1F4B0095DCD2 /* ILobbyImageSlide.m */; };
		4CEFB3F519CA1F4B0095DCD2 /* ILobbyLabelCell.m in Sources */ = {isa = PBXBuildFile; fileRef = 4CEFB3AB19CA1F4B0095DCD2 /* ILobbyLabelCell.m */; };
		4CEFB3F619CA1F4B0095DCD2 /* ILobbyModel.m in Sources */ = {isa = PBXBuildFile; fileRef = 4CEFB3AD19CA1F4B0095DCD2 /* ILobbyModel.m */; };
		4CEFB3F719CA1F4B0095DCD2 /* ILobbyMovieSlide.m in Sources */ = {isa = PBXBuildFile; fileRef = 4CEFB3B019CA1F4B0095DCD2 /* ILobbyMovieSlide.m */; };
		4CEFB3F819CA1F4B0095DCD2 /* ILobbyPDFSlide.m in Sources */ = {isa = PBXBuildFile; fileRef = 4CEFB3B219CA1F4B0095DCD2 /* ILobbyPDFSlide.m */; };
		4CEFB3F919CA1F4B0095DCD2 /* ILobbyPresentationDetailController.m in Sources */ = {isa = PBXBuildFile; fileRef = 4CEFB3B519CA1F4B0095DCD2 /* ILobbyPresentationDetailController.m */; };
		4CEFB3FA19CA1F4B0095DCD2 /* ILobbyPresentationGroupCell.m in Sources */ = {isa = PBXBuildFile; fileRef = 4CEFB3B719CA1F4B0095DCD2 /* ILobbyPresentationGroupCell.m */; };
		4CEFB3FB19CA1F4B0095DCD2 /* ILobbyPresentationGroupDetailController.m in Sources */ = {isa = PBXBuildFile; fileRef = 4CEFB3B919CA1F4B0095DCD2 /* ILobbyPresentationGroupDetailController.m */; };
		4CEFB3FC19CA1F4B0095DCD2 /* ILobbyPresentationGroupEditCell.m in Sources */ = {isa = PBXBuildFile; fileRef = 4CEFB3BB19CA1F4B0095DCD2 /* ILobbyPresentationGroupEditCell.m */; };
		4CEFB3FD19CA1F4B0095DCD2 /* ILobbyPresentationGroupsTableController.m in Sources */ = {isa = PBXBuildFile; fileRef = 4CEFB3BD19CA1F4B0095DCD2 /* ILobbyPresentationGroupsTableController.m */; };
		4CEFB3FE19CA1F4B0095DCD2 /* ILobbyPresenter.m in Sources */ = {isa = PBXBuildFile; fileRef = 4CEFB3BF19CA1F4B0095DCD2 /* ILobbyPresenter.m */; };
		4CEFB3FF19CA1F4B0095DCD2 /* ILobbyRemoteDirectory.m in Sources */ = {isa = PBXBuildFile; fileRef = 4CEFB3C119CA1F4B0095DCD2 /* ILobbyRemoteDirectory.m */; };
		4CEFB40019CA1F4B0095DCD2 /* ILobbyRemoteFile.m in Sources */ = {isa = PBXBuildFile; fileRef = 4CEFB3C419CA1F4B0095DCD2 /* ILobbyRemoteFile.m */; };
		4CEFB40119CA1F4B0095DCD2 /* ILobbySlide.m in Sources */ = {isa = PBXBuildFile; fileRef = 4CEFB3C619CA1F4B0095DCD2 /* ILobbySlide.m */; };
		4CEFB40219CA1F4B0095DCD2 /* ILobbyStoreConfiguration.m in Sources */ = {isa = PBXBuildFile; fileRef = 4CEFB3C919CA1F4B0095DCD2 /* ILobbyStoreConfiguration.m */; };
		4CEFB40319CA1F4B0095DCD2 /* ILobbyStorePresentation.m in Sources */ = {isa = PBXBuildFile; fileRef = 4CEFB3CB19CA1F4B0095DCD2 /* ILobbyStorePresentation.m */; };
		4CEFB40419CA1F4B0095DCD2 /* ILobbyStorePresentationGroup.m in Sources */ = {isa = PBXBuildFile; fileRef = 4CEFB3CD19CA1F4B0095DCD2 /* ILobbyStorePresentationGroup.m */; };
		4CEFB40519CA1F4B0095DCD2 /* ILobbyStoreRemoteContainer.m in Sources */ = {isa = PBXBuildFile; fileRef = 4CEFB3CF19CA1F4B0095DCD2 /* ILobbyStoreRemoteContainer.m */; };
		4CEFB40619CA1F4B0095DCD2 /* ILobbyStoreRemoteFile.m in Sources */ = {isa = PBXBuildFile; fileRef = 4CEFB3D119CA1F4B0095DCD2 /* ILobbyStoreRemoteFile.m */; };
		4CEFB40719CA1F4B0095DCD2 /* ILobbyStoreRemoteItem.m in Sources */ = {isa = PBXBuildFile; fileRef = 4CEFB3D319CA1F4B0095DCD2 /* ILobbyStoreRemoteItem.m */; };
		4CEFB40819CA1F4B0095DCD2 /* ILobbyStoreRemoteMedia.m in Sources */ = {isa = PBXBuildFile; fileRef = 4CEFB3D519CA1F4B0095DCD2 /* ILobbyStoreRemoteMedia.m */; };
		4CEFB40919CA1F4B0095DCD2 /* ILobbyStoreRoot.m in Sources */ = {isa = PBXBuildFile; fileRef = 4CEFB3D719CA1F4B0095DCD2 /* ILobbyStoreRoot.m */; };
		4CEFB40A19CA1F4B0095DCD2 /* ILobbyStoreTrack.m in Sources */ = {isa = PBXBuildFile; fileRef = 4CEFB3D919CA1F4B0095DCD2 /* ILobbyStoreTrack.m */; };
		4CEFB40B19CA1F4B0095DCD2 /* ILobbyTrack.m in Sources */ = {isa = PBXBuildFile; fileRef = 4CEFB3DB19CA1F4B0095DCD2 /* ILobbyTrack.m */; };
		4CEFB40C19CA1F4B0095DCD2 /* ILobbyTrackDetailController.m in Sources */ = {isa = PBXBuildFile; fileRef = 4CEFB3DD19CA1F4B0095DCD2 /* ILobbyTrackDetailController.m */; };
		4CEFB40D19CA1F4B0095DCD2 /* ILobbyTrackViewCell.m in Sources */ = {isa = PBXBuildFile; fileRef = 4CEFB3DF19CA1F4B0095DCD2 /* ILobbyTrackViewCell.m */; };
		4CEFB40E19CA1F4B0095DCD2 /* ILobbyTransitionSource.m in Sources */ = {isa = PBXBuildFile; fileRef = 4CEFB3E119CA1F4B0095DCD2 /* ILobbyTransitionSource.m */; };
		4CEFB40F19CA1F4B0095DCD2 /* ILobbyViewController.m in Sources */ = {isa = PBXBuildFile; fileRef = 4CEFB3E319CA1F4B0095DCD2 /* ILobbyViewController.m */; };
		4CEFB41019CA1F4B0095DCD2 /* ILobbyWebSlide.m in Sources */ = {isa = PBXBuildFile; fileRef = 4CEFB3E519CA1F4B0095DCD2 /* ILobbyWebSlide.m */; };
		4CEFB41119CA1F4B0095DCD2 /* Images.xcassets in Resources */ = {isa = PBXBuildFile; fileRef = 4CEFB3E619CA1F4B0095DCD2 /* Images.xcassets */; };
		4CEFB41319CA1F4B0095DCD2 /* README.rtf in Resources */ = {isa = PBXBuildFile; fileRef = 4CEFB3E819CA1F4B0095DCD2 /* README.rtf */; };
		4CEFB41419CA1F4B0095DCD2 /* Storyboard.storyboard in Resources */ = {isa = PBXBuildFile; fileRef = 4CEFB3E919CA1F4B0095DCD2 /* Storyboard.storyboard */; };
		4CEFB41519CA20180095DCD2 /* InfoPlist.strings in Resources */ = {isa = PBXBuildFile; fileRef = 4CEFB39819CA1F4B0095DCD2 /* InfoPlist.strings */; };
		4CF0ABA319CB0C1400DEA8D8 /* AppDelegate.swift in Sources */ = {isa = PBXBuildFile; fileRef = 4CF0ABA219CB0C1400DEA8D8 /* AppDelegate.swift */; };
		4CF0ABA519CB1B2600DEA8D8 /* MainModel.swift in Sources */ = {isa = PBXBuildFile; fileRef = 4CF0ABA419CB1B2600DEA8D8 /* MainModel.swift */; };
/* End PBXBuildFile section */

/* Begin PBXFileReference section */
		4C690BD818214AB300A823CC /* libtidy.dylib */ = {isa = PBXFileReference; lastKnownFileType = "compiled.mach-o.dylib"; name = libtidy.dylib; path = usr/lib/libtidy.dylib; sourceTree = SDKROOT; };
		4C937D741631AAE200F251FF /* DiTour.app */ = {isa = PBXFileReference; explicitFileType = wrapper.application; includeInIndex = 0; path = DiTour.app; sourceTree = BUILT_PRODUCTS_DIR; };
		4C937D781631AAE200F251FF /* UIKit.framework */ = {isa = PBXFileReference; lastKnownFileType = wrapper.framework; name = UIKit.framework; path = System/Library/Frameworks/UIKit.framework; sourceTree = SDKROOT; };
		4C937D7A1631AAE200F251FF /* Foundation.framework */ = {isa = PBXFileReference; lastKnownFileType = wrapper.framework; name = Foundation.framework; path = System/Library/Frameworks/Foundation.framework; sourceTree = SDKROOT; };
		4C937D7C1631AAE200F251FF /* CoreGraphics.framework */ = {isa = PBXFileReference; lastKnownFileType = wrapper.framework; name = CoreGraphics.framework; path = System/Library/Frameworks/CoreGraphics.framework; sourceTree = SDKROOT; };
		4C937DA31631B80700F251FF /* QuartzCore.framework */ = {isa = PBXFileReference; lastKnownFileType = wrapper.framework; name = QuartzCore.framework; path = System/Library/Frameworks/QuartzCore.framework; sourceTree = SDKROOT; };
		4CA2F14316357BB90082ADFF /* AVFoundation.framework */ = {isa = PBXFileReference; lastKnownFileType = wrapper.framework; name = AVFoundation.framework; path = System/Library/Frameworks/AVFoundation.framework; sourceTree = SDKROOT; };
		4CA582DB16386913009ACF37 /* CoreMedia.framework */ = {isa = PBXFileReference; lastKnownFileType = wrapper.framework; name = CoreMedia.framework; path = System/Library/Frameworks/CoreMedia.framework; sourceTree = SDKROOT; };
		4CEFB39519CA1F4B0095DCD2 /* DefaultSlideIcon.png */ = {isa = PBXFileReference; lastKnownFileType = image.png; path = DefaultSlideIcon.png; sourceTree = "<group>"; };
		4CEFB39619CA1F4B0095DCD2 /* DiTour-Info.plist */ = {isa = PBXFileReference; fileEncoding = 4; lastKnownFileType = text.plist.xml; path = "DiTour-Info.plist"; sourceTree = "<group>"; };
		4CEFB39719CA1F4B0095DCD2 /* DiTour-Prefix.pch */ = {isa = PBXFileReference; fileEncoding = 4; lastKnownFileType = sourcecode.c.h; path = "DiTour-Prefix.pch"; sourceTree = "<group>"; };
		4CEFB39919CA1F4B0095DCD2 /* en */ = {isa = PBXFileReference; lastKnownFileType = text.plist.strings; name = en; path = en.lproj/InfoPlist.strings; sourceTree = "<group>"; };
		4CEFB39B19CA1F4B0095DCD2 /* iLobby 2.0.xcdatamodel */ = {isa = PBXFileReference; lastKnownFileType = wrapper.xcdatamodel; path = "iLobby 2.0.xcdatamodel"; sourceTree = "<group>"; };
		4CEFB39E19CA1F4B0095DCD2 /* ILobbyConcurrentDictionary.h */ = {isa = PBXFileReference; fileEncoding = 4; lastKnownFileType = sourcecode.c.h; path = ILobbyConcurrentDictionary.h; sourceTree = "<group>"; };
		4CEFB39F19CA1F4B0095DCD2 /* ILobbyConcurrentDictionary.m */ = {isa = PBXFileReference; fileEncoding = 4; lastKnownFileType = sourcecode.c.objc; path = ILobbyConcurrentDictionary.m; sourceTree = "<group>"; };
		4CEFB3A019CA1F4B0095DCD2 /* ILobbyDownloadSession.h */ = {isa = PBXFileReference; fileEncoding = 4; lastKnownFileType = sourcecode.c.h; path = ILobbyDownloadSession.h; sourceTree = "<group>"; };
		4CEFB3A119CA1F4B0095DCD2 /* ILobbyDownloadSession.m */ = {isa = PBXFileReference; fileEncoding = 4; lastKnownFileType = sourcecode.c.objc; path = ILobbyDownloadSession.m; sourceTree = "<group>"; };
		4CEFB3A219CA1F4B0095DCD2 /* ILobbyDownloadStatus.h */ = {isa = PBXFileReference; fileEncoding = 4; lastKnownFileType = sourcecode.c.h; path = ILobbyDownloadStatus.h; sourceTree = "<group>"; };
		4CEFB3A319CA1F4B0095DCD2 /* ILobbyDownloadStatus.m */ = {isa = PBXFileReference; fileEncoding = 4; lastKnownFileType = sourcecode.c.objc; path = ILobbyDownloadStatus.m; sourceTree = "<group>"; };
		4CEFB3A419CA1F4B0095DCD2 /* ILobbyDownloadStatusCell.h */ = {isa = PBXFileReference; fileEncoding = 4; lastKnownFileType = sourcecode.c.h; path = ILobbyDownloadStatusCell.h; sourceTree = "<group>"; };
		4CEFB3A519CA1F4B0095DCD2 /* ILobbyDownloadStatusCell.m */ = {isa = PBXFileReference; fileEncoding = 4; lastKnownFileType = sourcecode.c.objc; path = ILobbyDownloadStatusCell.m; sourceTree = "<group>"; };
		4CEFB3A619CA1F4B0095DCD2 /* ILobbyFileInfoController.h */ = {isa = PBXFileReference; fileEncoding = 4; lastKnownFileType = sourcecode.c.h; path = ILobbyFileInfoController.h; sourceTree = "<group>"; };
		4CEFB3A719CA1F4B0095DCD2 /* ILobbyFileInfoController.m */ = {isa = PBXFileReference; fileEncoding = 4; lastKnownFileType = sourcecode.c.objc; path = ILobbyFileInfoController.m; sourceTree = "<group>"; };
		4CEFB3A819CA1F4B0095DCD2 /* ILobbyImageSlide.h */ = {isa = PBXFileReference; fileEncoding = 4; lastKnownFileType = sourcecode.c.h; path = ILobbyImageSlide.h; sourceTree = "<group>"; };
		4CEFB3A919CA1F4B0095DCD2 /* ILobbyImageSlide.m */ = {isa = PBXFileReference; fileEncoding = 4; lastKnownFileType = sourcecode.c.objc; path = ILobbyImageSlide.m; sourceTree = "<group>"; };
		4CEFB3AA19CA1F4B0095DCD2 /* ILobbyLabelCell.h */ = {isa = PBXFileReference; fileEncoding = 4; lastKnownFileType = sourcecode.c.h; path = ILobbyLabelCell.h; sourceTree = "<group>"; };
		4CEFB3AB19CA1F4B0095DCD2 /* ILobbyLabelCell.m */ = {isa = PBXFileReference; fileEncoding = 4; lastKnownFileType = sourcecode.c.objc; path = ILobbyLabelCell.m; sourceTree = "<group>"; };
		4CEFB3AC19CA1F4B0095DCD2 /* ILobbyModel.h */ = {isa = PBXFileReference; fileEncoding = 4; lastKnownFileType = sourcecode.c.h; path = ILobbyModel.h; sourceTree = "<group>"; };
		4CEFB3AD19CA1F4B0095DCD2 /* ILobbyModel.m */ = {isa = PBXFileReference; fileEncoding = 4; lastKnownFileType = sourcecode.c.objc; path = ILobbyModel.m; sourceTree = "<group>"; };
		4CEFB3AE19CA1F4B0095DCD2 /* ILobbyModelContainer.h */ = {isa = PBXFileReference; fileEncoding = 4; lastKnownFileType = sourcecode.c.h; path = ILobbyModelContainer.h; sourceTree = "<group>"; };
		4CEFB3AF19CA1F4B0095DCD2 /* ILobbyMovieSlide.h */ = {isa = PBXFileReference; fileEncoding = 4; lastKnownFileType = sourcecode.c.h; path = ILobbyMovieSlide.h; sourceTree = "<group>"; };
		4CEFB3B019CA1F4B0095DCD2 /* ILobbyMovieSlide.m */ = {isa = PBXFileReference; fileEncoding = 4; lastKnownFileType = sourcecode.c.objc; path = ILobbyMovieSlide.m; sourceTree = "<group>"; };
		4CEFB3B119CA1F4B0095DCD2 /* ILobbyPDFSlide.h */ = {isa = PBXFileReference; fileEncoding = 4; lastKnownFileType = sourcecode.c.h; path = ILobbyPDFSlide.h; sourceTree = "<group>"; };
		4CEFB3B219CA1F4B0095DCD2 /* ILobbyPDFSlide.m */ = {isa = PBXFileReference; fileEncoding = 4; lastKnownFileType = sourcecode.c.objc; path = ILobbyPDFSlide.m; sourceTree = "<group>"; };
		4CEFB3B319CA1F4B0095DCD2 /* ILobbyPresentationDelegate.h */ = {isa = PBXFileReference; fileEncoding = 4; lastKnownFileType = sourcecode.c.h; path = ILobbyPresentationDelegate.h; sourceTree = "<group>"; };
		4CEFB3B419CA1F4B0095DCD2 /* ILobbyPresentationDetailController.h */ = {isa = PBXFileReference; fileEncoding = 4; lastKnownFileType = sourcecode.c.h; path = ILobbyPresentationDetailController.h; sourceTree = "<group>"; };
		4CEFB3B519CA1F4B0095DCD2 /* ILobbyPresentationDetailController.m */ = {isa = PBXFileReference; fileEncoding = 4; lastKnownFileType = sourcecode.c.objc; path = ILobbyPresentationDetailController.m; sourceTree = "<group>"; };
		4CEFB3B619CA1F4B0095DCD2 /* ILobbyPresentationGroupCell.h */ = {isa = PBXFileReference; fileEncoding = 4; lastKnownFileType = sourcecode.c.h; path = ILobbyPresentationGroupCell.h; sourceTree = "<group>"; };
		4CEFB3B719CA1F4B0095DCD2 /* ILobbyPresentationGroupCell.m */ = {isa = PBXFileReference; fileEncoding = 4; lastKnownFileType = sourcecode.c.objc; path = ILobbyPresentationGroupCell.m; sourceTree = "<group>"; };
		4CEFB3B819CA1F4B0095DCD2 /* ILobbyPresentationGroupDetailController.h */ = {isa = PBXFileReference; fileEncoding = 4; lastKnownFileType = sourcecode.c.h; path = ILobbyPresentationGroupDetailController.h; sourceTree = "<group>"; };
		4CEFB3B919CA1F4B0095DCD2 /* ILobbyPresentationGroupDetailController.m */ = {isa = PBXFileReference; fileEncoding = 4; lastKnownFileType = sourcecode.c.objc; path = ILobbyPresentationGroupDetailController.m; sourceTree = "<group>"; };
		4CEFB3BA19CA1F4B0095DCD2 /* ILobbyPresentationGroupEditCell.h */ = {isa = PBXFileReference; fileEncoding = 4; lastKnownFileType = sourcecode.c.h; path = ILobbyPresentationGroupEditCell.h; sourceTree = "<group>"; };
		4CEFB3BB19CA1F4B0095DCD2 /* ILobbyPresentationGroupEditCell.m */ = {isa = PBXFileReference; fileEncoding = 4; lastKnownFileType = sourcecode.c.objc; path = ILobbyPresentationGroupEditCell.m; sourceTree = "<group>"; };
		4CEFB3BC19CA1F4B0095DCD2 /* ILobbyPresentationGroupsTableController.h */ = {isa = PBXFileReference; fileEncoding = 4; lastKnownFileType = sourcecode.c.h; path = ILobbyPresentationGroupsTableController.h; sourceTree = "<group>"; };
		4CEFB3BD19CA1F4B0095DCD2 /* ILobbyPresentationGroupsTableController.m */ = {isa = PBXFileReference; fileEncoding = 4; lastKnownFileType = sourcecode.c.objc; path = ILobbyPresentationGroupsTableController.m; sourceTree = "<group>"; };
		4CEFB3BE19CA1F4B0095DCD2 /* ILobbyPresenter.h */ = {isa = PBXFileReference; fileEncoding = 4; lastKnownFileType = sourcecode.c.h; path = ILobbyPresenter.h; sourceTree = "<group>"; };
		4CEFB3BF19CA1F4B0095DCD2 /* ILobbyPresenter.m */ = {isa = PBXFileReference; fileEncoding = 4; lastKnownFileType = sourcecode.c.objc; path = ILobbyPresenter.m; sourceTree = "<group>"; };
		4CEFB3C019CA1F4B0095DCD2 /* ILobbyRemoteDirectory.h */ = {isa = PBXFileReference; fileEncoding = 4; lastKnownFileType = sourcecode.c.h; path = ILobbyRemoteDirectory.h; sourceTree = "<group>"; };
		4CEFB3C119CA1F4B0095DCD2 /* ILobbyRemoteDirectory.m */ = {isa = PBXFileReference; fileEncoding = 4; lastKnownFileType = sourcecode.c.objc; path = ILobbyRemoteDirectory.m; sourceTree = "<group>"; };
		4CEFB3C219CA1F4B0095DCD2 /* ILobbyRemoteDirectoryItem.h */ = {isa = PBXFileReference; fileEncoding = 4; lastKnownFileType = sourcecode.c.h; path = ILobbyRemoteDirectoryItem.h; sourceTree = "<group>"; };
		4CEFB3C319CA1F4B0095DCD2 /* ILobbyRemoteFile.h */ = {isa = PBXFileReference; fileEncoding = 4; lastKnownFileType = sourcecode.c.h; path = ILobbyRemoteFile.h; sourceTree = "<group>"; };
		4CEFB3C419CA1F4B0095DCD2 /* ILobbyRemoteFile.m */ = {isa = PBXFileReference; fileEncoding = 4; lastKnownFileType = sourcecode.c.objc; path = ILobbyRemoteFile.m; sourceTree = "<group>"; };
		4CEFB3C519CA1F4B0095DCD2 /* ILobbySlide.h */ = {isa = PBXFileReference; fileEncoding = 4; lastKnownFileType = sourcecode.c.h; path = ILobbySlide.h; sourceTree = "<group>"; };
		4CEFB3C619CA1F4B0095DCD2 /* ILobbySlide.m */ = {isa = PBXFileReference; fileEncoding = 4; lastKnownFileType = sourcecode.c.objc; path = ILobbySlide.m; sourceTree = "<group>"; };
		4CEFB3C719CA1F4B0095DCD2 /* ILobbySlideFamily.h */ = {isa = PBXFileReference; fileEncoding = 4; lastKnownFileType = sourcecode.c.h; path = ILobbySlideFamily.h; sourceTree = "<group>"; };
		4CEFB3C819CA1F4B0095DCD2 /* ILobbyStoreConfiguration.h */ = {isa = PBXFileReference; fileEncoding = 4; lastKnownFileType = sourcecode.c.h; path = ILobbyStoreConfiguration.h; sourceTree = "<group>"; };
		4CEFB3C919CA1F4B0095DCD2 /* ILobbyStoreConfiguration.m */ = {isa = PBXFileReference; fileEncoding = 4; lastKnownFileType = sourcecode.c.objc; path = ILobbyStoreConfiguration.m; sourceTree = "<group>"; };
		4CEFB3CA19CA1F4B0095DCD2 /* ILobbyStorePresentation.h */ = {isa = PBXFileReference; fileEncoding = 4; lastKnownFileType = sourcecode.c.h; path = ILobbyStorePresentation.h; sourceTree = "<group>"; };
		4CEFB3CB19CA1F4B0095DCD2 /* ILobbyStorePresentation.m */ = {isa = PBXFileReference; fileEncoding = 4; lastKnownFileType = sourcecode.c.objc; path = ILobbyStorePresentation.m; sourceTree = "<group>"; };
		4CEFB3CC19CA1F4B0095DCD2 /* ILobbyStorePresentationGroup.h */ = {isa = PBXFileReference; fileEncoding = 4; lastKnownFileType = sourcecode.c.h; path = ILobbyStorePresentationGroup.h; sourceTree = "<group>"; };
		4CEFB3CD19CA1F4B0095DCD2 /* ILobbyStorePresentationGroup.m */ = {isa = PBXFileReference; fileEncoding = 4; lastKnownFileType = sourcecode.c.objc; path = ILobbyStorePresentationGroup.m; sourceTree = "<group>"; };
		4CEFB3CE19CA1F4B0095DCD2 /* ILobbyStoreRemoteContainer.h */ = {isa = PBXFileReference; fileEncoding = 4; lastKnownFileType = sourcecode.c.h; path = ILobbyStoreRemoteContainer.h; sourceTree = "<group>"; };
		4CEFB3CF19CA1F4B0095DCD2 /* ILobbyStoreRemoteContainer.m */ = {isa = PBXFileReference; fileEncoding = 4; lastKnownFileType = sourcecode.c.objc; path = ILobbyStoreRemoteContainer.m; sourceTree = "<group>"; };
		4CEFB3D019CA1F4B0095DCD2 /* ILobbyStoreRemoteFile.h */ = {isa = PBXFileReference; fileEncoding = 4; lastKnownFileType = sourcecode.c.h; path = ILobbyStoreRemoteFile.h; sourceTree = "<group>"; };
		4CEFB3D119CA1F4B0095DCD2 /* ILobbyStoreRemoteFile.m */ = {isa = PBXFileReference; fileEncoding = 4; lastKnownFileType = sourcecode.c.objc; path = ILobbyStoreRemoteFile.m; sourceTree = "<group>"; };
		4CEFB3D219CA1F4B0095DCD2 /* ILobbyStoreRemoteItem.h */ = {isa = PBXFileReference; fileEncoding = 4; lastKnownFileType = sourcecode.c.h; path = ILobbyStoreRemoteItem.h; sourceTree = "<group>"; };
		4CEFB3D319CA1F4B0095DCD2 /* ILobbyStoreRemoteItem.m */ = {isa = PBXFileReference; fileEncoding = 4; lastKnownFileType = sourcecode.c.objc; path = ILobbyStoreRemoteItem.m; sourceTree = "<group>"; };
		4CEFB3D419CA1F4B0095DCD2 /* ILobbyStoreRemoteMedia.h */ = {isa = PBXFileReference; fileEncoding = 4; lastKnownFileType = sourcecode.c.h; path = ILobbyStoreRemoteMedia.h; sourceTree = "<group>"; };
		4CEFB3D519CA1F4B0095DCD2 /* ILobbyStoreRemoteMedia.m */ = {isa = PBXFileReference; fileEncoding = 4; lastKnownFileType = sourcecode.c.objc; path = ILobbyStoreRemoteMedia.m; sourceTree = "<group>"; };
		4CEFB3D619CA1F4B0095DCD2 /* ILobbyStoreRoot.h */ = {isa = PBXFileReference; fileEncoding = 4; lastKnownFileType = sourcecode.c.h; path = ILobbyStoreRoot.h; sourceTree = "<group>"; };
		4CEFB3D719CA1F4B0095DCD2 /* ILobbyStoreRoot.m */ = {isa = PBXFileReference; fileEncoding = 4; lastKnownFileType = sourcecode.c.objc; path = ILobbyStoreRoot.m; sourceTree = "<group>"; };
		4CEFB3D819CA1F4B0095DCD2 /* ILobbyStoreTrack.h */ = {isa = PBXFileReference; fileEncoding = 4; lastKnownFileType = sourcecode.c.h; path = ILobbyStoreTrack.h; sourceTree = "<group>"; };
		4CEFB3D919CA1F4B0095DCD2 /* ILobbyStoreTrack.m */ = {isa = PBXFileReference; fileEncoding = 4; lastKnownFileType = sourcecode.c.objc; path = ILobbyStoreTrack.m; sourceTree = "<group>"; };
		4CEFB3DA19CA1F4B0095DCD2 /* ILobbyTrack.h */ = {isa = PBXFileReference; fileEncoding = 4; lastKnownFileType = sourcecode.c.h; path = ILobbyTrack.h; sourceTree = "<group>"; };
		4CEFB3DB19CA1F4B0095DCD2 /* ILobbyTrack.m */ = {isa = PBXFileReference; fileEncoding = 4; lastKnownFileType = sourcecode.c.objc; path = ILobbyTrack.m; sourceTree = "<group>"; };
		4CEFB3DC19CA1F4B0095DCD2 /* ILobbyTrackDetailController.h */ = {isa = PBXFileReference; fileEncoding = 4; lastKnownFileType = sourcecode.c.h; path = ILobbyTrackDetailController.h; sourceTree = "<group>"; };
		4CEFB3DD19CA1F4B0095DCD2 /* ILobbyTrackDetailController.m */ = {isa = PBXFileReference; fileEncoding = 4; lastKnownFileType = sourcecode.c.objc; path = ILobbyTrackDetailController.m; sourceTree = "<group>"; };
		4CEFB3DE19CA1F4B0095DCD2 /* ILobbyTrackViewCell.h */ = {isa = PBXFileReference; fileEncoding = 4; lastKnownFileType = sourcecode.c.h; path = ILobbyTrackViewCell.h; sourceTree = "<group>"; };
		4CEFB3DF19CA1F4B0095DCD2 /* ILobbyTrackViewCell.m */ = {isa = PBXFileReference; fileEncoding = 4; lastKnownFileType = sourcecode.c.objc; path = ILobbyTrackViewCell.m; sourceTree = "<group>"; };
		4CEFB3E019CA1F4B0095DCD2 /* ILobbyTransitionSource.h */ = {isa = PBXFileReference; fileEncoding = 4; lastKnownFileType = sourcecode.c.h; path = ILobbyTransitionSource.h; sourceTree = "<group>"; };
		4CEFB3E119CA1F4B0095DCD2 /* ILobbyTransitionSource.m */ = {isa = PBXFileReference; fileEncoding = 4; lastKnownFileType = sourcecode.c.objc; path = ILobbyTransitionSource.m; sourceTree = "<group>"; };
		4CEFB3E219CA1F4B0095DCD2 /* ILobbyViewController.h */ = {isa = PBXFileReference; fileEncoding = 4; lastKnownFileType = sourcecode.c.h; path = ILobbyViewController.h; sourceTree = "<group>"; };
		4CEFB3E319CA1F4B0095DCD2 /* ILobbyViewController.m */ = {isa = PBXFileReference; fileEncoding = 4; lastKnownFileType = sourcecode.c.objc; path = ILobbyViewController.m; sourceTree = "<group>"; };
		4CEFB3E419CA1F4B0095DCD2 /* ILobbyWebSlide.h */ = {isa = PBXFileReference; fileEncoding = 4; lastKnownFileType = sourcecode.c.h; path = ILobbyWebSlide.h; sourceTree = "<group>"; };
		4CEFB3E519CA1F4B0095DCD2 /* ILobbyWebSlide.m */ = {isa = PBXFileReference; fileEncoding = 4; lastKnownFileType = sourcecode.c.objc; path = ILobbyWebSlide.m; sourceTree = "<group>"; };
		4CEFB3E619CA1F4B0095DCD2 /* Images.xcassets */ = {isa = PBXFileReference; lastKnownFileType = folder.assetcatalog; path = Images.xcassets; sourceTree = "<group>"; };
		4CEFB3E819CA1F4B0095DCD2 /* README.rtf */ = {isa = PBXFileReference; fileEncoding = 4; lastKnownFileType = text.rtf; path = README.rtf; sourceTree = "<group>"; };
		4CEFB3E919CA1F4B0095DCD2 /* Storyboard.storyboard */ = {isa = PBXFileReference; fileEncoding = 4; lastKnownFileType = file.storyboard; path = Storyboard.storyboard; sourceTree = "<group>"; };
		4CF0ABA119CB0C1400DEA8D8 /* DiTour-Bridging-Header.h */ = {isa = PBXFileReference; lastKnownFileType = sourcecode.c.h; path = "DiTour-Bridging-Header.h"; sourceTree = "<group>"; };
		4CF0ABA219CB0C1400DEA8D8 /* AppDelegate.swift */ = {isa = PBXFileReference; fileEncoding = 4; lastKnownFileType = sourcecode.swift; path = AppDelegate.swift; sourceTree = "<group>"; };
		4CF0ABA419CB1B2600DEA8D8 /* MainModel.swift */ = {isa = PBXFileReference; fileEncoding = 4; lastKnownFileType = sourcecode.swift; path = MainModel.swift; sourceTree = "<group>"; };
/* End PBXFileReference section */

/* Begin PBXFrameworksBuildPhase section */
		4C937D711631AAE200F251FF /* Frameworks */ = {
			isa = PBXFrameworksBuildPhase;
			buildActionMask = 2147483647;
			files = (
				4C690BD918214AB300A823CC /* libtidy.dylib in Frameworks */,
				4CA582DC16386913009ACF37 /* CoreMedia.framework in Frameworks */,
				4CA2F14416357BB90082ADFF /* AVFoundation.framework in Frameworks */,
				4C937DA41631B80700F251FF /* QuartzCore.framework in Frameworks */,
				4C937D791631AAE200F251FF /* UIKit.framework in Frameworks */,
				4C937D7B1631AAE200F251FF /* Foundation.framework in Frameworks */,
				4C937D7D1631AAE200F251FF /* CoreGraphics.framework in Frameworks */,
			);
			runOnlyForDeploymentPostprocessing = 0;
		};
/* End PBXFrameworksBuildPhase section */

/* Begin PBXGroup section */
		4C937D691631AAE200F251FF = {
			isa = PBXGroup;
			children = (
				4CEFB39419CA1F4B0095DCD2 /* DiTour */,
				4C937D771631AAE200F251FF /* Frameworks */,
				4C937D751631AAE200F251FF /* Products */,
			);
			sourceTree = "<group>";
		};
		4C937D751631AAE200F251FF /* Products */ = {
			isa = PBXGroup;
			children = (
				4C937D741631AAE200F251FF /* DiTour.app */,
			);
			name = Products;
			sourceTree = "<group>";
		};
		4C937D771631AAE200F251FF /* Frameworks */ = {
			isa = PBXGroup;
			children = (
				4C690BD818214AB300A823CC /* libtidy.dylib */,
				4CA582DB16386913009ACF37 /* CoreMedia.framework */,
				4C937D781631AAE200F251FF /* UIKit.framework */,
				4C937D7A1631AAE200F251FF /* Foundation.framework */,
				4C937D7C1631AAE200F251FF /* CoreGraphics.framework */,
				4CA2F14316357BB90082ADFF /* AVFoundation.framework */,
				4C937DA31631B80700F251FF /* QuartzCore.framework */,
			);
			name = Frameworks;
			sourceTree = "<group>";
		};
		4CEFB39419CA1F4B0095DCD2 /* DiTour */ = {
			isa = PBXGroup;
			children = (
				4CEFB41719CA214A0095DCD2 /* Main */,
				4CEFB41E19CA23120095DCD2 /* Utilities */,
				4CEFB41919CA21920095DCD2 /* Download */,
				4CEFB41B19CA21CF0095DCD2 /* Views */,
				4CEFB41A19CA21B70095DCD2 /* Slides */,
				4CEFB41D19CA22860095DCD2 /* Presentation */,
				4CEFB41C19CA22720095DCD2 /* Model */,
				4CEFB41619CA21370095DCD2 /* Resources */,
			);
			path = DiTour;
			sourceTree = "<group>";
		};
		4CEFB41619CA21370095DCD2 /* Resources */ = {
			isa = PBXGroup;
			children = (
				4CEFB39519CA1F4B0095DCD2 /* DefaultSlideIcon.png */,
				4CEFB39619CA1F4B0095DCD2 /* DiTour-Info.plist */,
				4CEFB39719CA1F4B0095DCD2 /* DiTour-Prefix.pch */,
				4CEFB39819CA1F4B0095DCD2 /* InfoPlist.strings */,
				4CEFB39A19CA1F4B0095DCD2 /* iLobby.xcdatamodeld */,
				4CEFB3E619CA1F4B0095DCD2 /* Images.xcassets */,
				4CEFB3E819CA1F4B0095DCD2 /* README.rtf */,
				4CEFB3E919CA1F4B0095DCD2 /* Storyboard.storyboard */,
			);
			name = Resources;
			sourceTree = "<group>";
		};
		4CEFB41719CA214A0095DCD2 /* Main */ = {
			isa = PBXGroup;
			children = (
				4CF0ABA219CB0C1400DEA8D8 /* AppDelegate.swift */,
				4CF0ABA419CB1B2600DEA8D8 /* MainModel.swift */,
				4CEFB3AC19CA1F4B0095DCD2 /* ILobbyModel.h */,
				4CEFB3AD19CA1F4B0095DCD2 /* ILobbyModel.m */,
				4CEFB3AE19CA1F4B0095DCD2 /* ILobbyModelContainer.h */,
				4CF0ABA119CB0C1400DEA8D8 /* DiTour-Bridging-Header.h */,
			);
			name = Main;
			sourceTree = "<group>";
		};
		4CEFB41919CA21920095DCD2 /* Download */ = {
			isa = PBXGroup;
			children = (
				4CEFB3A019CA1F4B0095DCD2 /* ILobbyDownloadSession.h */,
				4CEFB3A119CA1F4B0095DCD2 /* ILobbyDownloadSession.m */,
				4CEFB3A219CA1F4B0095DCD2 /* ILobbyDownloadStatus.h */,
				4CEFB3A319CA1F4B0095DCD2 /* ILobbyDownloadStatus.m */,
				4CEFB3A419CA1F4B0095DCD2 /* ILobbyDownloadStatusCell.h */,
				4CEFB3A519CA1F4B0095DCD2 /* ILobbyDownloadStatusCell.m */,
				4CEFB3C019CA1F4B0095DCD2 /* ILobbyRemoteDirectory.h */,
				4CEFB3C119CA1F4B0095DCD2 /* ILobbyRemoteDirectory.m */,
				4CEFB3C219CA1F4B0095DCD2 /* ILobbyRemoteDirectoryItem.h */,
				4CEFB3C319CA1F4B0095DCD2 /* ILobbyRemoteFile.h */,
				4CEFB3C419CA1F4B0095DCD2 /* ILobbyRemoteFile.m */,
			);
			name = Download;
			sourceTree = "<group>";
		};
		4CEFB41A19CA21B70095DCD2 /* Slides */ = {
			isa = PBXGroup;
			children = (
				4CEFB3A819CA1F4B0095DCD2 /* ILobbyImageSlide.h */,
				4CEFB3A919CA1F4B0095DCD2 /* ILobbyImageSlide.m */,
				4CEFB3AF19CA1F4B0095DCD2 /* ILobbyMovieSlide.h */,
				4CEFB3B019CA1F4B0095DCD2 /* ILobbyMovieSlide.m */,
				4CEFB3B119CA1F4B0095DCD2 /* ILobbyPDFSlide.h */,
				4CEFB3B219CA1F4B0095DCD2 /* ILobbyPDFSlide.m */,
				4CEFB3C519CA1F4B0095DCD2 /* ILobbySlide.h */,
				4CEFB3C619CA1F4B0095DCD2 /* ILobbySlide.m */,
				4CEFB3C719CA1F4B0095DCD2 /* ILobbySlideFamily.h */,
				4CEFB3E419CA1F4B0095DCD2 /* ILobbyWebSlide.h */,
				4CEFB3E519CA1F4B0095DCD2 /* ILobbyWebSlide.m */,
			);
			name = Slides;
			sourceTree = "<group>";
		};
		4CEFB41B19CA21CF0095DCD2 /* Views */ = {
			isa = PBXGroup;
			children = (
				4CEFB3A619CA1F4B0095DCD2 /* ILobbyFileInfoController.h */,
				4CEFB3A719CA1F4B0095DCD2 /* ILobbyFileInfoController.m */,
				4CEFB3AA19CA1F4B0095DCD2 /* ILobbyLabelCell.h */,
				4CEFB3AB19CA1F4B0095DCD2 /* ILobbyLabelCell.m */,
				4CEFB3B419CA1F4B0095DCD2 /* ILobbyPresentationDetailController.h */,
				4CEFB3B519CA1F4B0095DCD2 /* ILobbyPresentationDetailController.m */,
				4CEFB3B619CA1F4B0095DCD2 /* ILobbyPresentationGroupCell.h */,
				4CEFB3B719CA1F4B0095DCD2 /* ILobbyPresentationGroupCell.m */,
				4CEFB3B819CA1F4B0095DCD2 /* ILobbyPresentationGroupDetailController.h */,
				4CEFB3B919CA1F4B0095DCD2 /* ILobbyPresentationGroupDetailController.m */,
				4CEFB3BA19CA1F4B0095DCD2 /* ILobbyPresentationGroupEditCell.h */,
				4CEFB3BB19CA1F4B0095DCD2 /* ILobbyPresentationGroupEditCell.m */,
				4CEFB3BC19CA1F4B0095DCD2 /* ILobbyPresentationGroupsTableController.h */,
				4CEFB3BD19CA1F4B0095DCD2 /* ILobbyPresentationGroupsTableController.m */,
				4CEFB3DC19CA1F4B0095DCD2 /* ILobbyTrackDetailController.h */,
				4CEFB3DD19CA1F4B0095DCD2 /* ILobbyTrackDetailController.m */,
				4CEFB3DE19CA1F4B0095DCD2 /* ILobbyTrackViewCell.h */,
				4CEFB3DF19CA1F4B0095DCD2 /* ILobbyTrackViewCell.m */,
				4CEFB3E219CA1F4B0095DCD2 /* ILobbyViewController.h */,
				4CEFB3E319CA1F4B0095DCD2 /* ILobbyViewController.m */,
			);
			name = Views;
			sourceTree = "<group>";
		};
		4CEFB41C19CA22720095DCD2 /* Model */ = {
			isa = PBXGroup;
			children = (
				4CEFB3C819CA1F4B0095DCD2 /* ILobbyStoreConfiguration.h */,
				4CEFB3C919CA1F4B0095DCD2 /* ILobbyStoreConfiguration.m */,
				4CEFB3CA19CA1F4B0095DCD2 /* ILobbyStorePresentation.h */,
				4CEFB3CB19CA1F4B0095DCD2 /* ILobbyStorePresentation.m */,
				4CEFB3CC19CA1F4B0095DCD2 /* ILobbyStorePresentationGroup.h */,
				4CEFB3CD19CA1F4B0095DCD2 /* ILobbyStorePresentationGroup.m */,
				4CEFB3CE19CA1F4B0095DCD2 /* ILobbyStoreRemoteContainer.h */,
				4CEFB3CF19CA1F4B0095DCD2 /* ILobbyStoreRemoteContainer.m */,
				4CEFB3D019CA1F4B0095DCD2 /* ILobbyStoreRemoteFile.h */,
				4CEFB3D119CA1F4B0095DCD2 /* ILobbyStoreRemoteFile.m */,
				4CEFB3D219CA1F4B0095DCD2 /* ILobbyStoreRemoteItem.h */,
				4CEFB3D319CA1F4B0095DCD2 /* ILobbyStoreRemoteItem.m */,
				4CEFB3D419CA1F4B0095DCD2 /* ILobbyStoreRemoteMedia.h */,
				4CEFB3D519CA1F4B0095DCD2 /* ILobbyStoreRemoteMedia.m */,
				4CEFB3D619CA1F4B0095DCD2 /* ILobbyStoreRoot.h */,
				4CEFB3D719CA1F4B0095DCD2 /* ILobbyStoreRoot.m */,
				4CEFB3D819CA1F4B0095DCD2 /* ILobbyStoreTrack.h */,
				4CEFB3D919CA1F4B0095DCD2 /* ILobbyStoreTrack.m */,
			);
			name = Model;
			sourceTree = "<group>";
		};
		4CEFB41D19CA22860095DCD2 /* Presentation */ = {
			isa = PBXGroup;
			children = (
				4CEFB3B319CA1F4B0095DCD2 /* ILobbyPresentationDelegate.h */,
				4CEFB3BE19CA1F4B0095DCD2 /* ILobbyPresenter.h */,
				4CEFB3BF19CA1F4B0095DCD2 /* ILobbyPresenter.m */,
				4CEFB3DA19CA1F4B0095DCD2 /* ILobbyTrack.h */,
				4CEFB3DB19CA1F4B0095DCD2 /* ILobbyTrack.m */,
				4CEFB3E019CA1F4B0095DCD2 /* ILobbyTransitionSource.h */,
				4CEFB3E119CA1F4B0095DCD2 /* ILobbyTransitionSource.m */,
			);
			name = Presentation;
			sourceTree = "<group>";
		};
		4CEFB41E19CA23120095DCD2 /* Utilities */ = {
			isa = PBXGroup;
			children = (
				4CEFB39E19CA1F4B0095DCD2 /* ILobbyConcurrentDictionary.h */,
				4CEFB39F19CA1F4B0095DCD2 /* ILobbyConcurrentDictionary.m */,
			);
			name = Utilities;
			sourceTree = "<group>";
		};
/* End PBXGroup section */

/* Begin PBXNativeTarget section */
		4C937D731631AAE200F251FF /* DiTour */ = {
			isa = PBXNativeTarget;
			buildConfigurationList = 4C937D981631AAE200F251FF /* Build configuration list for PBXNativeTarget "DiTour" */;
			buildPhases = (
				4C937D701631AAE200F251FF /* Sources */,
				4C937D711631AAE200F251FF /* Frameworks */,
				4C937D721631AAE200F251FF /* Resources */,
			);
			buildRules = (
			);
			dependencies = (
			);
			name = DiTour;
			productName = iLobby;
			productReference = 4C937D741631AAE200F251FF /* DiTour.app */;
			productType = "com.apple.product-type.application";
		};
/* End PBXNativeTarget section */

/* Begin PBXProject section */
		4C937D6B1631AAE200F251FF /* Project object */ = {
			isa = PBXProject;
			attributes = {
				CLASSPREFIX = ILobby;
				LastUpgradeCheck = 0500;
				ORGANIZATIONNAME = "UT-Battelle ORNL";
				TargetAttributes = {
					4C937D731631AAE200F251FF = {
						DevelopmentTeam = 8A84E55QYK;
						SystemCapabilities = {
							com.apple.Keychain = {
								enabled = 0;
							};
						};
					};
				};
			};
			buildConfigurationList = 4C937D6E1631AAE200F251FF /* Build configuration list for PBXProject "DiTour" */;
			compatibilityVersion = "Xcode 3.2";
			developmentRegion = English;
			hasScannedForEncodings = 0;
			knownRegions = (
				en,
			);
			mainGroup = 4C937D691631AAE200F251FF;
			productRefGroup = 4C937D751631AAE200F251FF /* Products */;
			projectDirPath = "";
			projectRoot = "";
			targets = (
				4C937D731631AAE200F251FF /* DiTour */,
			);
		};
/* End PBXProject section */

/* Begin PBXResourcesBuildPhase section */
		4C937D721631AAE200F251FF /* Resources */ = {
			isa = PBXResourcesBuildPhase;
			buildActionMask = 2147483647;
			files = (
				4CEFB3EA19CA1F4B0095DCD2 /* DefaultSlideIcon.png in Resources */,
				4CEFB41119CA1F4B0095DCD2 /* Images.xcassets in Resources */,
				4CEFB41519CA20180095DCD2 /* InfoPlist.strings in Resources */,
				4CEFB41319CA1F4B0095DCD2 /* README.rtf in Resources */,
				4CEFB41419CA1F4B0095DCD2 /* Storyboard.storyboard in Resources */,
			);
			runOnlyForDeploymentPostprocessing = 0;
		};
/* End PBXResourcesBuildPhase section */

/* Begin PBXSourcesBuildPhase section */
		4C937D701631AAE200F251FF /* Sources */ = {
			isa = PBXSourcesBuildPhase;
			buildActionMask = 2147483647;
			files = (
				4CEFB40419CA1F4B0095DCD2 /* ILobbyStorePresentationGroup.m in Sources */,
				4CEFB40319CA1F4B0095DCD2 /* ILobbyStorePresentation.m in Sources */,
				4CF0ABA319CB0C1400DEA8D8 /* AppDelegate.swift in Sources */,
				4CEFB3FF19CA1F4B0095DCD2 /* ILobbyRemoteDirectory.m in Sources */,
				4CEFB3F119CA1F4B0095DCD2 /* ILobbyDownloadStatus.m in Sources */,
				4CEFB40019CA1F4B0095DCD2 /* ILobbyRemoteFile.m in Sources */,
				4CEFB40C19CA1F4B0095DCD2 /* ILobbyTrackDetailController.m in Sources */,
				4CEFB3FE19CA1F4B0095DCD2 /* ILobbyPresenter.m in Sources */,
				4CEFB3F719CA1F4B0095DCD2 /* ILobbyMovieSlide.m in Sources */,
				4CEFB3ED19CA1F4B0095DCD2 /* iLobby.xcdatamodeld in Sources */,
				4CEFB40119CA1F4B0095DCD2 /* ILobbySlide.m in Sources */,
				4CEFB3F819CA1F4B0095DCD2 /* ILobbyPDFSlide.m in Sources */,
				4CEFB40F19CA1F4B0095DCD2 /* ILobbyViewController.m in Sources */,
				4CEFB40619CA1F4B0095DCD2 /* ILobbyStoreRemoteFile.m in Sources */,
				4CEFB3FC19CA1F4B0095DCD2 /* ILobbyPresentationGroupEditCell.m in Sources */,
				4CEFB40719CA1F4B0095DCD2 /* ILobbyStoreRemoteItem.m in Sources */,
				4CEFB40219CA1F4B0095DCD2 /* ILobbyStoreConfiguration.m in Sources */,
				4CEFB3F419CA1F4B0095DCD2 /* ILobbyImageSlide.m in Sources */,
				4CEFB3F519CA1F4B0095DCD2 /* ILobbyLabelCell.m in Sources */,
				4CEFB3FA19CA1F4B0095DCD2 /* ILobbyPresentationGroupCell.m in Sources */,
				4CEFB3F219CA1F4B0095DCD2 /* ILobbyDownloadStatusCell.m in Sources */,
				4CEFB3EF19CA1F4B0095DCD2 /* ILobbyConcurrentDictionary.m in Sources */,
				4CEFB40D19CA1F4B0095DCD2 /* ILobbyTrackViewCell.m in Sources */,
				4CEFB3FB19CA1F4B0095DCD2 /* ILobbyPresentationGroupDetailController.m in Sources */,
				4CEFB40B19CA1F4B0095DCD2 /* ILobbyTrack.m in Sources */,
				4CEFB3FD19CA1F4B0095DCD2 /* ILobbyPresentationGroupsTableController.m in Sources */,
				4CEFB3F019CA1F4B0095DCD2 /* ILobbyDownloadSession.m in Sources */,
				4CF0ABA519CB1B2600DEA8D8 /* MainModel.swift in Sources */,
				4CEFB41019CA1F4B0095DCD2 /* ILobbyWebSlide.m in Sources */,
				4CEFB40519CA1F4B0095DCD2 /* ILobbyStoreRemoteContainer.m in Sources */,
				4CEFB40A19CA1F4B0095DCD2 /* ILobbyStoreTrack.m in Sources */,
				4CEFB40E19CA1F4B0095DCD2 /* ILobbyTransitionSource.m in Sources */,
				4CEFB3F919CA1F4B0095DCD2 /* ILobbyPresentationDetailController.m in Sources */,
				4CEFB40919CA1F4B0095DCD2 /* ILobbyStoreRoot.m in Sources */,
				4CEFB40819CA1F4B0095DCD2 /* ILobbyStoreRemoteMedia.m in Sources */,
				4CEFB3F619CA1F4B0095DCD2 /* ILobbyModel.m in Sources */,
				4CEFB3F319CA1F4B0095DCD2 /* ILobbyFileInfoController.m in Sources */,
			);
			runOnlyForDeploymentPostprocessing = 0;
		};
/* End PBXSourcesBuildPhase section */

/* Begin PBXVariantGroup section */
		4CEFB39819CA1F4B0095DCD2 /* InfoPlist.strings */ = {
			isa = PBXVariantGroup;
			children = (
				4CEFB39919CA1F4B0095DCD2 /* en */,
			);
			name = InfoPlist.strings;
			sourceTree = "<group>";
		};
/* End PBXVariantGroup section */

/* Begin XCBuildConfiguration section */
		4C937D961631AAE200F251FF /* Debug */ = {
			isa = XCBuildConfiguration;
			buildSettings = {
				ALWAYS_SEARCH_USER_PATHS = NO;
				CLANG_CXX_LANGUAGE_STANDARD = "gnu++0x";
				CLANG_CXX_LIBRARY = "libc++";
				CLANG_ENABLE_MODULES = YES;
				CLANG_ENABLE_OBJC_ARC = YES;
				CLANG_WARN_EMPTY_BODY = YES;
				CLANG_WARN__DUPLICATE_METHOD_MATCH = YES;
				CODE_SIGN_ENTITLEMENTS = Entitlements.plist;
				CODE_SIGN_IDENTITY = "iPhone Distribution";
				"CODE_SIGN_IDENTITY[sdk=iphoneos*]" = "iPhone Distribution";
				COPY_PHASE_STRIP = NO;
				GCC_C_LANGUAGE_STANDARD = gnu99;
				GCC_DYNAMIC_NO_PIC = NO;
				GCC_OPTIMIZATION_LEVEL = 0;
				GCC_PREPROCESSOR_DEFINITIONS = (
					"DEBUG=1",
					"$(inherited)",
				);
				GCC_SYMBOLS_PRIVATE_EXTERN = NO;
				GCC_WARN_ABOUT_RETURN_TYPE = YES;
				GCC_WARN_UNINITIALIZED_AUTOS = YES;
				GCC_WARN_UNUSED_VARIABLE = YES;
				IPHONEOS_DEPLOYMENT_TARGET = 7.1;
				ONLY_ACTIVE_ARCH = YES;
				SDKROOT = iphoneos;
			};
			name = Debug;
		};
		4C937D971631AAE200F251FF /* Release */ = {
			isa = XCBuildConfiguration;
			buildSettings = {
				ALWAYS_SEARCH_USER_PATHS = NO;
				CLANG_CXX_LANGUAGE_STANDARD = "gnu++0x";
				CLANG_CXX_LIBRARY = "libc++";
				CLANG_ENABLE_MODULES = YES;
				CLANG_ENABLE_OBJC_ARC = YES;
				CLANG_WARN_EMPTY_BODY = YES;
				CLANG_WARN__DUPLICATE_METHOD_MATCH = YES;
				CODE_SIGN_ENTITLEMENTS = Entitlements.plist;
				CODE_SIGN_IDENTITY = "iPhone Distribution";
				"CODE_SIGN_IDENTITY[sdk=iphoneos*]" = "iPhone Distribution";
				COPY_PHASE_STRIP = YES;
				GCC_C_LANGUAGE_STANDARD = gnu99;
				GCC_WARN_ABOUT_RETURN_TYPE = YES;
				GCC_WARN_UNINITIALIZED_AUTOS = YES;
				GCC_WARN_UNUSED_VARIABLE = YES;
				IPHONEOS_DEPLOYMENT_TARGET = 7.1;
				OTHER_CFLAGS = "-DNS_BLOCK_ASSERTIONS=1";
				SDKROOT = iphoneos;
				VALIDATE_PRODUCT = YES;
			};
			name = Release;
		};
		4C937D991631AAE200F251FF /* Debug */ = {
			isa = XCBuildConfiguration;
			buildSettings = {
				ASSETCATALOG_COMPILER_APPICON_NAME = AppIcon;
				ASSETCATALOG_COMPILER_LAUNCHIMAGE_NAME = LaunchImage;
				CLANG_ENABLE_MODULES = YES;
				CLANG_WARN_DOCUMENTATION_COMMENTS = YES;
				CODE_SIGN_ENTITLEMENTS = "";
				CODE_SIGN_IDENTITY = "iPhone Developer";
				"CODE_SIGN_IDENTITY[sdk=iphoneos*]" = "iPhone Developer";
				GCC_C_LANGUAGE_STANDARD = gnu11;
				GCC_PRECOMPILE_PREFIX_HEADER = YES;
				GCC_PREFIX_HEADER = "DiTour/DiTour-Prefix.pch";
				HEADER_SEARCH_PATHS = (
					"$(inherited)",
					"/Applications/Xcode6-Beta4.app/Contents/Developer/Toolchains/XcodeDefault.xctoolchain/usr/include",
					/usr/include/tidy,
				);
				INFOPLIST_FILE = "DiTour/DiTour-Info.plist";
				IPHONEOS_DEPLOYMENT_TARGET = 7.1;
				LD_RUNPATH_SEARCH_PATHS = "$(inherited) @executable_path/Frameworks";
				PRODUCT_NAME = "$(TARGET_NAME)";
				PROVISIONING_PROFILE = "68C6125B-D77D-4288-88A6-D1574173D78A";
				SWIFT_OBJC_BRIDGING_HEADER = "DiTour/DiTour-Bridging-Header.h";
				SWIFT_OPTIMIZATION_LEVEL = "-Onone";
				TARGETED_DEVICE_FAMILY = 2;
				WRAPPER_EXTENSION = app;
			};
			name = Debug;
		};
		4C937D9A1631AAE200F251FF /* Release */ = {
			isa = XCBuildConfiguration;
			buildSettings = {
				ASSETCATALOG_COMPILER_APPICON_NAME = AppIcon;
				ASSETCATALOG_COMPILER_LAUNCHIMAGE_NAME = LaunchImage;
				CLANG_ENABLE_MODULES = YES;
				CLANG_WARN_DOCUMENTATION_COMMENTS = YES;
				CODE_SIGN_ENTITLEMENTS = "";
				CODE_SIGN_IDENTITY = "";
				"CODE_SIGN_IDENTITY[sdk=iphoneos*]" = "";
				GCC_C_LANGUAGE_STANDARD = gnu11;
				GCC_PRECOMPILE_PREFIX_HEADER = YES;
				GCC_PREFIX_HEADER = "DiTour/DiTour-Prefix.pch";
				HEADER_SEARCH_PATHS = (
					"$(inherited)",
					"/Applications/Xcode6-Beta4.app/Contents/Developer/Toolchains/XcodeDefault.xctoolchain/usr/include",
					/usr/include/tidy,
				);
				INFOPLIST_FILE = "DiTour/DiTour-Info.plist";
				IPHONEOS_DEPLOYMENT_TARGET = 7.1;
				LD_RUNPATH_SEARCH_PATHS = "$(inherited) @executable_path/Frameworks";
				PRODUCT_NAME = "$(TARGET_NAME)";
				PROVISIONING_PROFILE = "8CB2130C-27FB-4B6D-BF8E-B1AB07656E4E";
				SWIFT_OBJC_BRIDGING_HEADER = "DiTour/DiTour-Bridging-Header.h";
				TARGETED_DEVICE_FAMILY = 2;
				WRAPPER_EXTENSION = app;
			};
			name = Release;
		};
/* End XCBuildConfiguration section */

/* Begin XCConfigurationList section */
		4C937D6E1631AAE200F251FF /* Build configuration list for PBXProject "DiTour" */ = {
			isa = XCConfigurationList;
			buildConfigurations = (
				4C937D961631AAE200F251FF /* Debug */,
				4C937D971631AAE200F251FF /* Release */,
			);
			defaultConfigurationIsVisible = 0;
			defaultConfigurationName = Release;
		};
		4C937D981631AAE200F251FF /* Build configuration list for PBXNativeTarget "DiTour" */ = {
			isa = XCConfigurationList;
			buildConfigurations = (
				4C937D991631AAE200F251FF /* Debug */,
				4C937D9A1631AAE200F251FF /* Release */,
			);
			defaultConfigurationIsVisible = 0;
			defaultConfigurationName = Release;
		};
/* End XCConfigurationList section */

/* Begin XCVersionGroup section */
		4CEFB39A19CA1F4B0095DCD2 /* iLobby.xcdatamodeld */ = {
			isa = XCVersionGroup;
			children = (
				4CEFB39B19CA1F4B0095DCD2 /* iLobby 2.0.xcdatamodel */,
			);
			currentVersion = 4CEFB39B19CA1F4B0095DCD2 /* iLobby 2.0.xcdatamodel */;
			path = iLobby.xcdatamodeld;
			sourceTree = "<group>";
			versionGroupType = wrapper.xcdatamodel;
		};
/* End XCVersionGroup section */
	};
	rootObject = 4C937D6B1631AAE200F251FF /* Project object */;
}
