// !$*UTF8*$!
{
	archiveVersion = 1;
	classes = {
	};
	objectVersion = 46;
	objects = {

/* Begin PBXBuildFile section */
		4C2BA9591A1E7BA9008BDB55 /* UserInterface.swift in Sources */ = {isa = PBXBuildFile; fileRef = 4C2BA9581A1E7BA9008BDB55 /* UserInterface.swift */; };
		4C3AA3AE19F8467B00A3E3EE /* Presentation.swift in Sources */ = {isa = PBXBuildFile; fileRef = 4C3AA3AD19F8467B00A3E3EE /* Presentation.swift */; };
		4C556A231AA4AA6800E0E699 /* TidyWrapper.c in Sources */ = {isa = PBXBuildFile; fileRef = 4C556A211AA4AA6800E0E699 /* TidyWrapper.c */; };
		4C58880A1BC6BBE20052EEEF /* Settings.bundle in Resources */ = {isa = PBXBuildFile; fileRef = 4C5888091BC6BBE20052EEEF /* Settings.bundle */; settings = {ASSET_TAGS = (); }; };
		4C690BD918214AB300A823CC /* libtidy.dylib in Frameworks */ = {isa = PBXBuildFile; fileRef = 4C690BD818214AB300A823CC /* libtidy.dylib */; };
		4C8123821BCD2A2600E7D371 /* webslide.js in Resources */ = {isa = PBXBuildFile; fileRef = 4C8123811BCD2A2600E7D371 /* webslide.js */; settings = {ASSET_TAGS = (); }; };
		4C937D791631AAE200F251FF /* UIKit.framework in Frameworks */ = {isa = PBXBuildFile; fileRef = 4C937D781631AAE200F251FF /* UIKit.framework */; };
		4C937D7B1631AAE200F251FF /* Foundation.framework in Frameworks */ = {isa = PBXBuildFile; fileRef = 4C937D7A1631AAE200F251FF /* Foundation.framework */; };
		4C937D7D1631AAE200F251FF /* CoreGraphics.framework in Frameworks */ = {isa = PBXBuildFile; fileRef = 4C937D7C1631AAE200F251FF /* CoreGraphics.framework */; };
		4C937DA41631B80700F251FF /* QuartzCore.framework in Frameworks */ = {isa = PBXBuildFile; fileRef = 4C937DA31631B80700F251FF /* QuartzCore.framework */; };
		4CA2F14416357BB90082ADFF /* AVFoundation.framework in Frameworks */ = {isa = PBXBuildFile; fileRef = 4CA2F14316357BB90082ADFF /* AVFoundation.framework */; };
		4CA582DC16386913009ACF37 /* CoreMedia.framework in Frameworks */ = {isa = PBXBuildFile; fileRef = 4CA582DB16386913009ACF37 /* CoreMedia.framework */; };
		4CB7E8FF1A02758C005447E8 /* Persistence.swift in Sources */ = {isa = PBXBuildFile; fileRef = 4CB7E8FE1A02758C005447E8 /* Persistence.swift */; };
		4CBDAFDE19FFD0400001069D /* Slides.swift in Sources */ = {isa = PBXBuildFile; fileRef = 4CBDAFDD19FFD0400001069D /* Slides.swift */; };
		4CEFB3EA19CA1F4B0095DCD2 /* DefaultSlideIcon.png in Resources */ = {isa = PBXBuildFile; fileRef = 4CEFB39519CA1F4B0095DCD2 /* DefaultSlideIcon.png */; };
		4CEFB3ED19CA1F4B0095DCD2 /* iLobby.xcdatamodeld in Sources */ = {isa = PBXBuildFile; fileRef = 4CEFB39A19CA1F4B0095DCD2 /* iLobby.xcdatamodeld */; };
		4CEFB41119CA1F4B0095DCD2 /* Images.xcassets in Resources */ = {isa = PBXBuildFile; fileRef = 4CEFB3E619CA1F4B0095DCD2 /* Images.xcassets */; };
		4CEFB41319CA1F4B0095DCD2 /* README.rtf in Resources */ = {isa = PBXBuildFile; fileRef = 4CEFB3E819CA1F4B0095DCD2 /* README.rtf */; };
		4CEFB41419CA1F4B0095DCD2 /* Storyboard.storyboard in Resources */ = {isa = PBXBuildFile; fileRef = 4CEFB3E919CA1F4B0095DCD2 /* Storyboard.storyboard */; };
		4CEFB41519CA20180095DCD2 /* InfoPlist.strings in Resources */ = {isa = PBXBuildFile; fileRef = 4CEFB39819CA1F4B0095DCD2 /* InfoPlist.strings */; };
		4CF0ABA319CB0C1400DEA8D8 /* AppDelegate.swift in Sources */ = {isa = PBXBuildFile; fileRef = 4CF0ABA219CB0C1400DEA8D8 /* AppDelegate.swift */; };
		4CF0ABA519CB1B2600DEA8D8 /* MainModel.swift in Sources */ = {isa = PBXBuildFile; fileRef = 4CF0ABA419CB1B2600DEA8D8 /* MainModel.swift */; };
		4CF28F4B1A11437000145972 /* Utilities.swift in Sources */ = {isa = PBXBuildFile; fileRef = 4CF28F4A1A11437000145972 /* Utilities.swift */; };
		4CF72B781A0C0C2200FAF651 /* Download.swift in Sources */ = {isa = PBXBuildFile; fileRef = 4CF72B771A0C0C2200FAF651 /* Download.swift */; };
/* End PBXBuildFile section */

/* Begin PBXFileReference section */
		4C2BA9581A1E7BA9008BDB55 /* UserInterface.swift */ = {isa = PBXFileReference; fileEncoding = 4; lastKnownFileType = sourcecode.swift; path = UserInterface.swift; sourceTree = "<group>"; };
		4C3AA3AD19F8467B00A3E3EE /* Presentation.swift */ = {isa = PBXFileReference; fileEncoding = 4; lastKnownFileType = sourcecode.swift; lineEnding = 0; path = Presentation.swift; sourceTree = "<group>"; xcLanguageSpecificationIdentifier = xcode.lang.swift; };
		4C556A211AA4AA6800E0E699 /* TidyWrapper.c */ = {isa = PBXFileReference; fileEncoding = 4; lastKnownFileType = sourcecode.c.c; path = TidyWrapper.c; sourceTree = "<group>"; };
		4C556A221AA4AA6800E0E699 /* TidyWrapper.h */ = {isa = PBXFileReference; fileEncoding = 4; lastKnownFileType = sourcecode.c.h; path = TidyWrapper.h; sourceTree = "<group>"; };
		4C5888091BC6BBE20052EEEF /* Settings.bundle */ = {isa = PBXFileReference; lastKnownFileType = "wrapper.plug-in"; path = Settings.bundle; sourceTree = "<group>"; };
		4C690BD818214AB300A823CC /* libtidy.dylib */ = {isa = PBXFileReference; lastKnownFileType = "compiled.mach-o.dylib"; name = libtidy.dylib; path = usr/lib/libtidy.dylib; sourceTree = SDKROOT; };
		4C8123811BCD2A2600E7D371 /* webslide.js */ = {isa = PBXFileReference; fileEncoding = 4; lastKnownFileType = sourcecode.javascript; path = webslide.js; sourceTree = "<group>"; };
		4C937D741631AAE200F251FF /* DiTour.app */ = {isa = PBXFileReference; explicitFileType = wrapper.application; includeInIndex = 0; path = DiTour.app; sourceTree = BUILT_PRODUCTS_DIR; };
		4C937D781631AAE200F251FF /* UIKit.framework */ = {isa = PBXFileReference; lastKnownFileType = wrapper.framework; name = UIKit.framework; path = System/Library/Frameworks/UIKit.framework; sourceTree = SDKROOT; };
		4C937D7A1631AAE200F251FF /* Foundation.framework */ = {isa = PBXFileReference; lastKnownFileType = wrapper.framework; name = Foundation.framework; path = System/Library/Frameworks/Foundation.framework; sourceTree = SDKROOT; };
		4C937D7C1631AAE200F251FF /* CoreGraphics.framework */ = {isa = PBXFileReference; lastKnownFileType = wrapper.framework; name = CoreGraphics.framework; path = System/Library/Frameworks/CoreGraphics.framework; sourceTree = SDKROOT; };
		4C937DA31631B80700F251FF /* QuartzCore.framework */ = {isa = PBXFileReference; lastKnownFileType = wrapper.framework; name = QuartzCore.framework; path = System/Library/Frameworks/QuartzCore.framework; sourceTree = SDKROOT; };
		4CA2F14316357BB90082ADFF /* AVFoundation.framework */ = {isa = PBXFileReference; lastKnownFileType = wrapper.framework; name = AVFoundation.framework; path = System/Library/Frameworks/AVFoundation.framework; sourceTree = SDKROOT; };
		4CA582DB16386913009ACF37 /* CoreMedia.framework */ = {isa = PBXFileReference; lastKnownFileType = wrapper.framework; name = CoreMedia.framework; path = System/Library/Frameworks/CoreMedia.framework; sourceTree = SDKROOT; };
		4CB7E8FE1A02758C005447E8 /* Persistence.swift */ = {isa = PBXFileReference; fileEncoding = 4; lastKnownFileType = sourcecode.swift; lineEnding = 0; path = Persistence.swift; sourceTree = "<group>"; xcLanguageSpecificationIdentifier = xcode.lang.swift; };
		4CBDAFDD19FFD0400001069D /* Slides.swift */ = {isa = PBXFileReference; fileEncoding = 4; lastKnownFileType = sourcecode.swift; path = Slides.swift; sourceTree = "<group>"; };
		4CEFB39519CA1F4B0095DCD2 /* DefaultSlideIcon.png */ = {isa = PBXFileReference; lastKnownFileType = image.png; path = DefaultSlideIcon.png; sourceTree = "<group>"; };
		4CEFB39619CA1F4B0095DCD2 /* DiTour-Info.plist */ = {isa = PBXFileReference; fileEncoding = 4; lastKnownFileType = text.plist.xml; path = "DiTour-Info.plist"; sourceTree = "<group>"; };
		4CEFB39719CA1F4B0095DCD2 /* DiTour-Prefix.pch */ = {isa = PBXFileReference; fileEncoding = 4; lastKnownFileType = sourcecode.c.h; path = "DiTour-Prefix.pch"; sourceTree = "<group>"; };
		4CEFB39919CA1F4B0095DCD2 /* en */ = {isa = PBXFileReference; lastKnownFileType = text.plist.strings; name = en; path = en.lproj/InfoPlist.strings; sourceTree = "<group>"; };
		4CEFB39B19CA1F4B0095DCD2 /* iLobby 2.0.xcdatamodel */ = {isa = PBXFileReference; lastKnownFileType = wrapper.xcdatamodel; path = "iLobby 2.0.xcdatamodel"; sourceTree = "<group>"; };
		4CEFB3E619CA1F4B0095DCD2 /* Images.xcassets */ = {isa = PBXFileReference; lastKnownFileType = folder.assetcatalog; path = Images.xcassets; sourceTree = "<group>"; };
		4CEFB3E819CA1F4B0095DCD2 /* README.rtf */ = {isa = PBXFileReference; fileEncoding = 4; lastKnownFileType = text.rtf; path = README.rtf; sourceTree = "<group>"; };
		4CEFB3E919CA1F4B0095DCD2 /* Storyboard.storyboard */ = {isa = PBXFileReference; fileEncoding = 4; lastKnownFileType = file.storyboard; path = Storyboard.storyboard; sourceTree = "<group>"; };
		4CF0ABA119CB0C1400DEA8D8 /* DiTour-Bridging-Header.h */ = {isa = PBXFileReference; lastKnownFileType = sourcecode.c.h; lineEnding = 0; path = "DiTour-Bridging-Header.h"; sourceTree = "<group>"; xcLanguageSpecificationIdentifier = xcode.lang.objcpp; };
		4CF0ABA219CB0C1400DEA8D8 /* AppDelegate.swift */ = {isa = PBXFileReference; fileEncoding = 4; lastKnownFileType = sourcecode.swift; path = AppDelegate.swift; sourceTree = "<group>"; };
		4CF0ABA419CB1B2600DEA8D8 /* MainModel.swift */ = {isa = PBXFileReference; fileEncoding = 4; lastKnownFileType = sourcecode.swift; lineEnding = 0; path = MainModel.swift; sourceTree = "<group>"; xcLanguageSpecificationIdentifier = xcode.lang.swift; };
		4CF28F4A1A11437000145972 /* Utilities.swift */ = {isa = PBXFileReference; fileEncoding = 4; lastKnownFileType = sourcecode.swift; path = Utilities.swift; sourceTree = "<group>"; };
		4CF72B771A0C0C2200FAF651 /* Download.swift */ = {isa = PBXFileReference; fileEncoding = 4; lastKnownFileType = sourcecode.swift; lineEnding = 0; path = Download.swift; sourceTree = "<group>"; xcLanguageSpecificationIdentifier = xcode.lang.swift; };
/* End PBXFileReference section */

/* Begin PBXFrameworksBuildPhase section */
		4C937D711631AAE200F251FF /* Frameworks */ = {
			isa = PBXFrameworksBuildPhase;
			buildActionMask = 2147483647;
			files = (
				4C690BD918214AB300A823CC /* libtidy.dylib in Frameworks */,
				4CA582DC16386913009ACF37 /* CoreMedia.framework in Frameworks */,
				4CA2F14416357BB90082ADFF /* AVFoundation.framework in Frameworks */,
				4C937DA41631B80700F251FF /* QuartzCore.framework in Frameworks */,
				4C937D791631AAE200F251FF /* UIKit.framework in Frameworks */,
				4C937D7B1631AAE200F251FF /* Foundation.framework in Frameworks */,
				4C937D7D1631AAE200F251FF /* CoreGraphics.framework in Frameworks */,
			);
			runOnlyForDeploymentPostprocessing = 0;
		};
/* End PBXFrameworksBuildPhase section */

/* Begin PBXGroup section */
		4C937D691631AAE200F251FF = {
			isa = PBXGroup;
			children = (
				4CEFB39419CA1F4B0095DCD2 /* DiTour */,
				4C937D771631AAE200F251FF /* Frameworks */,
				4C937D751631AAE200F251FF /* Products */,
			);
			sourceTree = "<group>";
		};
		4C937D751631AAE200F251FF /* Products */ = {
			isa = PBXGroup;
			children = (
				4C937D741631AAE200F251FF /* DiTour.app */,
			);
			name = Products;
			sourceTree = "<group>";
		};
		4C937D771631AAE200F251FF /* Frameworks */ = {
			isa = PBXGroup;
			children = (
				4C690BD818214AB300A823CC /* libtidy.dylib */,
				4CA582DB16386913009ACF37 /* CoreMedia.framework */,
				4C937D781631AAE200F251FF /* UIKit.framework */,
				4C937D7A1631AAE200F251FF /* Foundation.framework */,
				4C937D7C1631AAE200F251FF /* CoreGraphics.framework */,
				4CA2F14316357BB90082ADFF /* AVFoundation.framework */,
				4C937DA31631B80700F251FF /* QuartzCore.framework */,
			);
			name = Frameworks;
			sourceTree = "<group>";
		};
		4CEFB39419CA1F4B0095DCD2 /* DiTour */ = {
			isa = PBXGroup;
			children = (
				4CF0ABA119CB0C1400DEA8D8 /* DiTour-Bridging-Header.h */,
				4CF0ABA219CB0C1400DEA8D8 /* AppDelegate.swift */,
				4CF72B771A0C0C2200FAF651 /* Download.swift */,
				4CF0ABA419CB1B2600DEA8D8 /* MainModel.swift */,
				4CB7E8FE1A02758C005447E8 /* Persistence.swift */,
				4C3AA3AD19F8467B00A3E3EE /* Presentation.swift */,
				4CBDAFDD19FFD0400001069D /* Slides.swift */,
				4C2BA9581A1E7BA9008BDB55 /* UserInterface.swift */,
				4CF28F4A1A11437000145972 /* Utilities.swift */,
				4CEFB41E19CA23120095DCD2 /* Utilities */,
				4CEFB41619CA21370095DCD2 /* Resources */,
			);
			path = DiTour;
			sourceTree = "<group>";
		};
		4CEFB41619CA21370095DCD2 /* Resources */ = {
			isa = PBXGroup;
			children = (
				4CEFB39519CA1F4B0095DCD2 /* DefaultSlideIcon.png */,
				4CEFB39619CA1F4B0095DCD2 /* DiTour-Info.plist */,
				4CEFB39719CA1F4B0095DCD2 /* DiTour-Prefix.pch */,
				4CEFB39819CA1F4B0095DCD2 /* InfoPlist.strings */,
				4CEFB39A19CA1F4B0095DCD2 /* iLobby.xcdatamodeld */,
				4CEFB3E619CA1F4B0095DCD2 /* Images.xcassets */,
				4CEFB3E819CA1F4B0095DCD2 /* README.rtf */,
				4CEFB3E919CA1F4B0095DCD2 /* Storyboard.storyboard */,
				4C5888091BC6BBE20052EEEF /* Settings.bundle */,
				4C8123811BCD2A2600E7D371 /* webslide.js */,
			);
			name = Resources;
			sourceTree = "<group>";
		};
		4CEFB41E19CA23120095DCD2 /* Utilities */ = {
			isa = PBXGroup;
			children = (
				4C556A221AA4AA6800E0E699 /* TidyWrapper.h */,
				4C556A211AA4AA6800E0E699 /* TidyWrapper.c */,
			);
			name = Utilities;
			sourceTree = "<group>";
		};
/* End PBXGroup section */

/* Begin PBXNativeTarget section */
		4C937D731631AAE200F251FF /* DiTour */ = {
			isa = PBXNativeTarget;
			buildConfigurationList = 4C937D981631AAE200F251FF /* Build configuration list for PBXNativeTarget "DiTour" */;
			buildPhases = (
				4C937D701631AAE200F251FF /* Sources */,
				4C937D711631AAE200F251FF /* Frameworks */,
				4C937D721631AAE200F251FF /* Resources */,
			);
			buildRules = (
			);
			dependencies = (
			);
			name = DiTour;
			productName = iLobby;
			productReference = 4C937D741631AAE200F251FF /* DiTour.app */;
			productType = "com.apple.product-type.application";
		};
/* End PBXNativeTarget section */

/* Begin PBXProject section */
		4C937D6B1631AAE200F251FF /* Project object */ = {
			isa = PBXProject;
			attributes = {
				CLASSPREFIX = DiTour;
				LastSwiftUpdateCheck = 0700;
				LastUpgradeCheck = 0700;
				ORGANIZATIONNAME = "UT-Battelle ORNL";
				TargetAttributes = {
					4C937D731631AAE200F251FF = {
						DevelopmentTeam = 2DBHJL4HWE;
						SystemCapabilities = {
							com.apple.Keychain = {
								enabled = 0;
							};
						};
					};
				};
			};
			buildConfigurationList = 4C937D6E1631AAE200F251FF /* Build configuration list for PBXProject "DiTour" */;
			compatibilityVersion = "Xcode 3.2";
			developmentRegion = English;
			hasScannedForEncodings = 0;
			knownRegions = (
				en,
			);
			mainGroup = 4C937D691631AAE200F251FF;
			productRefGroup = 4C937D751631AAE200F251FF /* Products */;
			projectDirPath = "";
			projectRoot = "";
			targets = (
				4C937D731631AAE200F251FF /* DiTour */,
			);
		};
/* End PBXProject section */

/* Begin PBXResourcesBuildPhase section */
		4C937D721631AAE200F251FF /* Resources */ = {
			isa = PBXResourcesBuildPhase;
			buildActionMask = 2147483647;
			files = (
				4C8123821BCD2A2600E7D371 /* webslide.js in Resources */,
				4CEFB3EA19CA1F4B0095DCD2 /* DefaultSlideIcon.png in Resources */,
				4CEFB41119CA1F4B0095DCD2 /* Images.xcassets in Resources */,
				4CEFB41519CA20180095DCD2 /* InfoPlist.strings in Resources */,
				4CEFB41319CA1F4B0095DCD2 /* README.rtf in Resources */,
				4C58880A1BC6BBE20052EEEF /* Settings.bundle in Resources */,
				4CEFB41419CA1F4B0095DCD2 /* Storyboard.storyboard in Resources */,
			);
			runOnlyForDeploymentPostprocessing = 0;
		};
/* End PBXResourcesBuildPhase section */

/* Begin PBXSourcesBuildPhase section */
		4C937D701631AAE200F251FF /* Sources */ = {
			isa = PBXSourcesBuildPhase;
			buildActionMask = 2147483647;
			files = (
				4CF0ABA319CB0C1400DEA8D8 /* AppDelegate.swift in Sources */,
				4CBDAFDE19FFD0400001069D /* Slides.swift in Sources */,
				4CEFB3ED19CA1F4B0095DCD2 /* iLobby.xcdatamodeld in Sources */,
				4CF28F4B1A11437000145972 /* Utilities.swift in Sources */,
				4C3AA3AE19F8467B00A3E3EE /* Presentation.swift in Sources */,
				4CF0ABA519CB1B2600DEA8D8 /* MainModel.swift in Sources */,
				4C2BA9591A1E7BA9008BDB55 /* UserInterface.swift in Sources */,
				4C556A231AA4AA6800E0E699 /* TidyWrapper.c in Sources */,
				4CF72B781A0C0C2200FAF651 /* Download.swift in Sources */,
				4CB7E8FF1A02758C005447E8 /* Persistence.swift in Sources */,
			);
			runOnlyForDeploymentPostprocessing = 0;
		};
/* End PBXSourcesBuildPhase section */

/* Begin PBXVariantGroup section */
		4CEFB39819CA1F4B0095DCD2 /* InfoPlist.strings */ = {
			isa = PBXVariantGroup;
			children = (
				4CEFB39919CA1F4B0095DCD2 /* en */,
			);
			name = InfoPlist.strings;
			sourceTree = "<group>";
		};
/* End PBXVariantGroup section */

/* Begin XCBuildConfiguration section */
		4C937D961631AAE200F251FF /* Debug */ = {
			isa = XCBuildConfiguration;
			buildSettings = {
				ALWAYS_SEARCH_USER_PATHS = NO;
				CLANG_CXX_LANGUAGE_STANDARD = "gnu++0x";
				CLANG_CXX_LIBRARY = "libc++";
				CLANG_ENABLE_MODULES = YES;
				CLANG_ENABLE_OBJC_ARC = YES;
				CLANG_WARN_EMPTY_BODY = YES;
				CLANG_WARN__DUPLICATE_METHOD_MATCH = YES;
				CODE_SIGN_ENTITLEMENTS = "";
				CODE_SIGN_IDENTITY = "iPhone Developer";
				COPY_PHASE_STRIP = NO;
				DEFINES_MODULE = NO;
				ENABLE_TESTABILITY = YES;
				GCC_C_LANGUAGE_STANDARD = gnu99;
				GCC_DYNAMIC_NO_PIC = NO;
				GCC_OPTIMIZATION_LEVEL = 0;
				GCC_PREPROCESSOR_DEFINITIONS = (
					"DEBUG=1",
					"$(inherited)",
				);
				GCC_SYMBOLS_PRIVATE_EXTERN = NO;
				GCC_WARN_ABOUT_RETURN_TYPE = YES;
				GCC_WARN_UNINITIALIZED_AUTOS = YES;
				GCC_WARN_UNUSED_VARIABLE = YES;
				IPHONEOS_DEPLOYMENT_TARGET = 7.1;
				ONLY_ACTIVE_ARCH = YES;
				PRODUCT_MODULE_NAME = DiTour;
				SDKROOT = iphoneos;
				SWIFT_OPTIMIZATION_LEVEL = "-Onone";
				TARGETED_DEVICE_FAMILY = "1,2";
			};
			name = Debug;
		};
		4C937D971631AAE200F251FF /* Release */ = {
			isa = XCBuildConfiguration;
			buildSettings = {
				ALWAYS_SEARCH_USER_PATHS = NO;
				CLANG_CXX_LANGUAGE_STANDARD = "gnu++0x";
				CLANG_CXX_LIBRARY = "libc++";
				CLANG_ENABLE_MODULES = YES;
				CLANG_ENABLE_OBJC_ARC = YES;
				CLANG_WARN_EMPTY_BODY = YES;
				CLANG_WARN__DUPLICATE_METHOD_MATCH = YES;
				CODE_SIGN_ENTITLEMENTS = "";
				CODE_SIGN_IDENTITY = "iPhone Distribution";
				COPY_PHASE_STRIP = YES;
				DEFINES_MODULE = NO;
				GCC_C_LANGUAGE_STANDARD = gnu99;
				GCC_WARN_ABOUT_RETURN_TYPE = YES;
				GCC_WARN_UNINITIALIZED_AUTOS = YES;
				GCC_WARN_UNUSED_VARIABLE = YES;
				IPHONEOS_DEPLOYMENT_TARGET = 7.1;
				OTHER_CFLAGS = "-DNS_BLOCK_ASSERTIONS=1";
				PRODUCT_MODULE_NAME = DiTour;
				SDKROOT = iphoneos;
				SWIFT_OPTIMIZATION_LEVEL = "-Owholemodule";
				SWIFT_WHOLE_MODULE_OPTIMIZATION = YES;
				TARGETED_DEVICE_FAMILY = "1,2";
				VALIDATE_PRODUCT = YES;
			};
			name = Release;
		};
		4C937D991631AAE200F251FF /* Debug */ = {
			isa = XCBuildConfiguration;
			buildSettings = {
				ASSETCATALOG_COMPILER_APPICON_NAME = AppIcon;
				ASSETCATALOG_COMPILER_LAUNCHIMAGE_NAME = LaunchImage;
				CLANG_ENABLE_MODULES = YES;
				CLANG_WARN_DOCUMENTATION_COMMENTS = YES;
				CODE_SIGN_IDENTITY = "iPhone Developer";
				DEFINES_MODULE = NO;
				GCC_C_LANGUAGE_STANDARD = gnu11;
				GCC_PRECOMPILE_PREFIX_HEADER = YES;
				GCC_PREFIX_HEADER = "DiTour/DiTour-Prefix.pch";
				HEADER_SEARCH_PATHS = (
					"$(inherited)",
					"/Applications/Xcode6-Beta4.app/Contents/Developer/Toolchains/XcodeDefault.xctoolchain/usr/include",
					/usr/include/tidy,
				);
				INFOPLIST_FILE = "DiTour/DiTour-Info.plist";
				IPHONEOS_DEPLOYMENT_TARGET = 8.0;
				LD_RUNPATH_SEARCH_PATHS = "$(inherited) @executable_path/Frameworks";
				PRODUCT_BUNDLE_IDENTIFIER = "gov.ornl.neutrons.${PRODUCT_NAME}";
				PRODUCT_NAME = "$(TARGET_NAME)";
				SWIFT_OBJC_BRIDGING_HEADER = "DiTour/DiTour-Bridging-Header.h";
				WRAPPER_EXTENSION = app;
			};
			name = Debug;
		};
		4C937D9A1631AAE200F251FF /* Release */ = {
			isa = XCBuildConfiguration;
			buildSettings = {
				ASSETCATALOG_COMPILER_APPICON_NAME = AppIcon;
				ASSETCATALOG_COMPILER_LAUNCHIMAGE_NAME = LaunchImage;
				CLANG_ENABLE_MODULES = YES;
				CLANG_WARN_DOCUMENTATION_COMMENTS = YES;
				CODE_SIGN_IDENTITY = "iPhone Developer";
				DEFINES_MODULE = NO;
				GCC_C_LANGUAGE_STANDARD = gnu11;
				GCC_PRECOMPILE_PREFIX_HEADER = YES;
				GCC_PREFIX_HEADER = "DiTour/DiTour-Prefix.pch";
				HEADER_SEARCH_PATHS = (
					"$(inherited)",
					"/Applications/Xcode6-Beta4.app/Contents/Developer/Toolchains/XcodeDefault.xctoolchain/usr/include",
					/usr/include/tidy,
				);
				INFOPLIST_FILE = "DiTour/DiTour-Info.plist";
				IPHONEOS_DEPLOYMENT_TARGET = 8.0;
				LD_RUNPATH_SEARCH_PATHS = "$(inherited) @executable_path/Frameworks";
				PRODUCT_BUNDLE_IDENTIFIER = "gov.ornl.neutrons.${PRODUCT_NAME}";
				PRODUCT_NAME = "$(TARGET_NAME)";
				SWIFT_OBJC_BRIDGING_HEADER = "DiTour/DiTour-Bridging-Header.h";
				WRAPPER_EXTENSION = app;
			};
			name = Release;
		};
/* End XCBuildConfiguration section */

/* Begin XCConfigurationList section */
		4C937D6E1631AAE200F251FF /* Build configuration list for PBXProject "DiTour" */ = {
			isa = XCConfigurationList;
			buildConfigurations = (
				4C937D961631AAE200F251FF /* Debug */,
				4C937D971631AAE200F251FF /* Release */,
			);
			defaultConfigurationIsVisible = 0;
			defaultConfigurationName = Release;
		};
		4C937D981631AAE200F251FF /* Build configuration list for PBXNativeTarget "DiTour" */ = {
			isa = XCConfigurationList;
			buildConfigurations = (
				4C937D991631AAE200F251FF /* Debug */,
				4C937D9A1631AAE200F251FF /* Release */,
			);
			defaultConfigurationIsVisible = 0;
			defaultConfigurationName = Release;
		};
/* End XCConfigurationList section */

/* Begin XCVersionGroup section */
		4CEFB39A19CA1F4B0095DCD2 /* iLobby.xcdatamodeld */ = {
			isa = XCVersionGroup;
			children = (
				4CEFB39B19CA1F4B0095DCD2 /* iLobby 2.0.xcdatamodel */,
			);
			currentVersion = 4CEFB39B19CA1F4B0095DCD2 /* iLobby 2.0.xcdatamodel */;
			path = iLobby.xcdatamodeld;
			sourceTree = "<group>";
			versionGroupType = wrapper.xcdatamodel;
		};
/* End XCVersionGroup section */
	};
	rootObject = 4C937D6B1631AAE200F251FF /* Project object */;
}
