// !$*UTF8*$!
{
	archiveVersion = 1;
	classes = {
	};
	objectVersion = 46;
	objects = {

/* Begin PBXBuildFile section */
		4C01BD4F1636F69100065A97 /* ILobbyViewController.m in Sources */ = {isa = PBXBuildFile; fileRef = 4C01BD4E1636F69100065A97 /* ILobbyViewController.m */; };
		4C01BD521636F88600065A97 /* ILobbyModel.m in Sources */ = {isa = PBXBuildFile; fileRef = 4C01BD511636F88500065A97 /* ILobbyModel.m */; };
		4C01BD581637150700065A97 /* ILobbyTrack.m in Sources */ = {isa = PBXBuildFile; fileRef = 4C01BD571637150700065A97 /* ILobbyTrack.m */; };
		4C01BD5E16371E1B00065A97 /* ILobbyTrackViewCell.m in Sources */ = {isa = PBXBuildFile; fileRef = 4C01BD5D16371E1A00065A97 /* ILobbyTrackViewCell.m */; };
		4C188A1719094FEF00B3EBF1 /* ILobbyLabelCell.m in Sources */ = {isa = PBXBuildFile; fileRef = 4C188A1619094FEF00B3EBF1 /* ILobbyLabelCell.m */; };
		4C188A1A1909500500B3EBF1 /* ILobbyDownloadStatusCell.m in Sources */ = {isa = PBXBuildFile; fileRef = 4C188A191909500500B3EBF1 /* ILobbyDownloadStatusCell.m */; };
		4C1B0D3F18D0971C001B0B00 /* Storyboard.storyboard in Resources */ = {isa = PBXBuildFile; fileRef = 4C1B0D3E18D0971C001B0B00 /* Storyboard.storyboard */; };
		4C1B0D4818D0AD30001B0B00 /* ILobbyPresentationGroupsTableController.m in Sources */ = {isa = PBXBuildFile; fileRef = 4C1B0D4718D0AD30001B0B00 /* ILobbyPresentationGroupsTableController.m */; };
		4C42A5E3165A96F100B64970 /* README.rtf in Resources */ = {isa = PBXBuildFile; fileRef = 4C42A5E2165A96F100B64970 /* README.rtf */; };
		4C60121D190978E100BEC685 /* ILobbyTrackDetailController.m in Sources */ = {isa = PBXBuildFile; fileRef = 4C60121C190978E100BEC685 /* ILobbyTrackDetailController.m */; };
		4C601220190ADAEB00BEC685 /* DefaultSlideIcon.png in Resources */ = {isa = PBXBuildFile; fileRef = 4C60121F190ADAEB00BEC685 /* DefaultSlideIcon.png */; };
		4C690BD71820354700A823CC /* ILobbyXMLAttributeParser.m in Sources */ = {isa = PBXBuildFile; fileRef = 4C690BD61820354700A823CC /* ILobbyXMLAttributeParser.m */; };
		4C690BD918214AB300A823CC /* libtidy.dylib in Frameworks */ = {isa = PBXBuildFile; fileRef = 4C690BD818214AB300A823CC /* libtidy.dylib */; };
		4C690BE918229DD100A823CC /* ILobbyRemoteDirectory.m in Sources */ = {isa = PBXBuildFile; fileRef = 4C690BE818229DD100A823CC /* ILobbyRemoteDirectory.m */; };
		4C690BEC18229DEE00A823CC /* ILobbyRemoteFile.m in Sources */ = {isa = PBXBuildFile; fileRef = 4C690BEB18229DEE00A823CC /* ILobbyRemoteFile.m */; };
		4C75A81D1652EB7F00375EFF /* ILobbyTransitionSource.m in Sources */ = {isa = PBXBuildFile; fileRef = 4C75A81C1652EB7F00375EFF /* ILobbyTransitionSource.m */; };
		4C82BEC217D7899200740BD1 /* Images.xcassets in Resources */ = {isa = PBXBuildFile; fileRef = 4C82BEC117D7899200740BD1 /* Images.xcassets */; };
		4C865F8118CE0F7F00F66913 /* ILobbyStoreRemoteItem.m in Sources */ = {isa = PBXBuildFile; fileRef = 4C865F8018CE0F7F00F66913 /* ILobbyStoreRemoteItem.m */; };
		4C9248C618E45A1900A6CBDA /* ILobbyStoreRemoteFile.m in Sources */ = {isa = PBXBuildFile; fileRef = 4C9248C518E45A1900A6CBDA /* ILobbyStoreRemoteFile.m */; };
		4C9248C918E45A3400A6CBDA /* ILobbyStoreRemoteContainer.m in Sources */ = {isa = PBXBuildFile; fileRef = 4C9248C818E45A3400A6CBDA /* ILobbyStoreRemoteContainer.m */; };
		4C937D791631AAE200F251FF /* UIKit.framework in Frameworks */ = {isa = PBXBuildFile; fileRef = 4C937D781631AAE200F251FF /* UIKit.framework */; };
		4C937D7B1631AAE200F251FF /* Foundation.framework in Frameworks */ = {isa = PBXBuildFile; fileRef = 4C937D7A1631AAE200F251FF /* Foundation.framework */; };
		4C937D7D1631AAE200F251FF /* CoreGraphics.framework in Frameworks */ = {isa = PBXBuildFile; fileRef = 4C937D7C1631AAE200F251FF /* CoreGraphics.framework */; };
		4C937D831631AAE200F251FF /* InfoPlist.strings in Resources */ = {isa = PBXBuildFile; fileRef = 4C937D811631AAE200F251FF /* InfoPlist.strings */; };
		4C937D851631AAE200F251FF /* main.m in Sources */ = {isa = PBXBuildFile; fileRef = 4C937D841631AAE200F251FF /* main.m */; };
		4C937D891631AAE200F251FF /* ILobbyAppDelegate.m in Sources */ = {isa = PBXBuildFile; fileRef = 4C937D881631AAE200F251FF /* ILobbyAppDelegate.m */; };
		4C937DA41631B80700F251FF /* QuartzCore.framework in Frameworks */ = {isa = PBXBuildFile; fileRef = 4C937DA31631B80700F251FF /* QuartzCore.framework */; };
		4C937DA81631BA8F00F251FF /* ILobbyPresenter.m in Sources */ = {isa = PBXBuildFile; fileRef = 4C937DA71631BA8F00F251FF /* ILobbyPresenter.m */; };
		4CA2E44C18D0F233004C0489 /* ILobbyPresentationGroupCell.m in Sources */ = {isa = PBXBuildFile; fileRef = 4CA2E44B18D0F233004C0489 /* ILobbyPresentationGroupCell.m */; };
		4CA2F14416357BB90082ADFF /* AVFoundation.framework in Frameworks */ = {isa = PBXBuildFile; fileRef = 4CA2F14316357BB90082ADFF /* AVFoundation.framework */; };
		4CA582DC16386913009ACF37 /* CoreMedia.framework in Frameworks */ = {isa = PBXBuildFile; fileRef = 4CA582DB16386913009ACF37 /* CoreMedia.framework */; };
		4CA7DB7C1900491600CB788A /* ILobbyPresentationDetailController.m in Sources */ = {isa = PBXBuildFile; fileRef = 4CA7DB7B1900491600CB788A /* ILobbyPresentationDetailController.m */; };
		4CB41D6518D24D710028F1DF /* ILobbyPresentationGroupEditCell.m in Sources */ = {isa = PBXBuildFile; fileRef = 4CB41D6418D24D710028F1DF /* ILobbyPresentationGroupEditCell.m */; };
		4CC09893183D4CBF006755C8 /* ILobbyStoreSlide.m in Sources */ = {isa = PBXBuildFile; fileRef = 4CC09892183D4CBF006755C8 /* ILobbyStoreSlide.m */; };
		4CC09896183D4CC0006755C8 /* ILobbyStoreRoot.m in Sources */ = {isa = PBXBuildFile; fileRef = 4CC09895183D4CC0006755C8 /* ILobbyStoreRoot.m */; };
		4CC09899183D4CC0006755C8 /* ILobbyStorePresentation.m in Sources */ = {isa = PBXBuildFile; fileRef = 4CC09898183D4CC0006755C8 /* ILobbyStorePresentation.m */; };
		4CC0989F183D4CC0006755C8 /* ILobbyStoreTrack.m in Sources */ = {isa = PBXBuildFile; fileRef = 4CC0989E183D4CC0006755C8 /* ILobbyStoreTrack.m */; };
		4CC3919918EDF2B500B9AA4E /* ILobbyDownloadStatus.m in Sources */ = {isa = PBXBuildFile; fileRef = 4CC3919818EDF2B500B9AA4E /* ILobbyDownloadStatus.m */; };
		4CC3919C18EDF72C00B9AA4E /* ILobbyDownloadSession.m in Sources */ = {isa = PBXBuildFile; fileRef = 4CC3919B18EDF72C00B9AA4E /* ILobbyDownloadSession.m */; };
		4CC391A418EF05F300B9AA4E /* ILobbyConcurrentDictionary.m in Sources */ = {isa = PBXBuildFile; fileRef = 4CC391A318EF05F300B9AA4E /* ILobbyConcurrentDictionary.m */; };
		4CD0ED7C182978380090EFE5 /* iLobby.xcdatamodeld in Sources */ = {isa = PBXBuildFile; fileRef = 4CD0ED7A182978380090EFE5 /* iLobby.xcdatamodeld */; };
		4CDF9AE418CE5467001E26B0 /* ILobbyStorePresentationGroup.m in Sources */ = {isa = PBXBuildFile; fileRef = 4CDF9AE318CE5467001E26B0 /* ILobbyStorePresentationGroup.m */; };
		4CE0DC5318D763B90092C700 /* ILobbyStoreRemoteMedia.m in Sources */ = {isa = PBXBuildFile; fileRef = 4CE0DC5218D763B90092C700 /* ILobbyStoreRemoteMedia.m */; };
		4CE0DC5A18D8D7AD0092C700 /* ILobbyPresentationGroupDetailController.m in Sources */ = {isa = PBXBuildFile; fileRef = 4CE0DC5918D8D7AD0092C700 /* ILobbyPresentationGroupDetailController.m */; };
		4CE0DC5D18D9E3EE0092C700 /* ILobbyStoreConfiguration.m in Sources */ = {isa = PBXBuildFile; fileRef = 4CE0DC5C18D9E3EE0092C700 /* ILobbyStoreConfiguration.m */; };
		4CE1D6C81638219C00026847 /* ILobbySlide.m in Sources */ = {isa = PBXBuildFile; fileRef = 4CE1D6C71638219C00026847 /* ILobbySlide.m */; };
/* End PBXBuildFile section */

/* Begin PBXFileReference section */
		4C01BD4D1636F69100065A97 /* ILobbyViewController.h */ = {isa = PBXFileReference; fileEncoding = 4; lastKnownFileType = sourcecode.c.h; path = ILobbyViewController.h; sourceTree = "<group>"; };
		4C01BD4E1636F69100065A97 /* ILobbyViewController.m */ = {isa = PBXFileReference; fileEncoding = 4; lastKnownFileType = sourcecode.c.objc; path = ILobbyViewController.m; sourceTree = "<group>"; };
		4C01BD501636F88500065A97 /* ILobbyModel.h */ = {isa = PBXFileReference; fileEncoding = 4; lastKnownFileType = sourcecode.c.h; path = ILobbyModel.h; sourceTree = "<group>"; };
		4C01BD511636F88500065A97 /* ILobbyModel.m */ = {isa = PBXFileReference; fileEncoding = 4; lastKnownFileType = sourcecode.c.objc; lineEnding = 0; path = ILobbyModel.m; sourceTree = "<group>"; xcLanguageSpecificationIdentifier = xcode.lang.objc; };
		4C01BD561637150700065A97 /* ILobbyTrack.h */ = {isa = PBXFileReference; fileEncoding = 4; lastKnownFileType = sourcecode.c.h; path = ILobbyTrack.h; sourceTree = "<group>"; };
		4C01BD571637150700065A97 /* ILobbyTrack.m */ = {isa = PBXFileReference; fileEncoding = 4; lastKnownFileType = sourcecode.c.objc; path = ILobbyTrack.m; sourceTree = "<group>"; };
		4C01BD5C16371E1A00065A97 /* ILobbyTrackViewCell.h */ = {isa = PBXFileReference; fileEncoding = 4; lastKnownFileType = sourcecode.c.h; path = ILobbyTrackViewCell.h; sourceTree = "<group>"; };
		4C01BD5D16371E1A00065A97 /* ILobbyTrackViewCell.m */ = {isa = PBXFileReference; fileEncoding = 4; lastKnownFileType = sourcecode.c.objc; path = ILobbyTrackViewCell.m; sourceTree = "<group>"; };
		4C188A1519094FEF00B3EBF1 /* ILobbyLabelCell.h */ = {isa = PBXFileReference; fileEncoding = 4; lastKnownFileType = sourcecode.c.h; path = ILobbyLabelCell.h; sourceTree = "<group>"; };
		4C188A1619094FEF00B3EBF1 /* ILobbyLabelCell.m */ = {isa = PBXFileReference; fileEncoding = 4; lastKnownFileType = sourcecode.c.objc; path = ILobbyLabelCell.m; sourceTree = "<group>"; };
		4C188A181909500500B3EBF1 /* ILobbyDownloadStatusCell.h */ = {isa = PBXFileReference; fileEncoding = 4; lastKnownFileType = sourcecode.c.h; path = ILobbyDownloadStatusCell.h; sourceTree = "<group>"; };
		4C188A191909500500B3EBF1 /* ILobbyDownloadStatusCell.m */ = {isa = PBXFileReference; fileEncoding = 4; lastKnownFileType = sourcecode.c.objc; path = ILobbyDownloadStatusCell.m; sourceTree = "<group>"; };
		4C1B0D3E18D0971C001B0B00 /* Storyboard.storyboard */ = {isa = PBXFileReference; fileEncoding = 4; lastKnownFileType = file.storyboard; path = Storyboard.storyboard; sourceTree = "<group>"; };
		4C1B0D4618D0AD30001B0B00 /* ILobbyPresentationGroupsTableController.h */ = {isa = PBXFileReference; fileEncoding = 4; lastKnownFileType = sourcecode.c.h; path = ILobbyPresentationGroupsTableController.h; sourceTree = "<group>"; };
		4C1B0D4718D0AD30001B0B00 /* ILobbyPresentationGroupsTableController.m */ = {isa = PBXFileReference; fileEncoding = 4; lastKnownFileType = sourcecode.c.objc; lineEnding = 0; path = ILobbyPresentationGroupsTableController.m; sourceTree = "<group>"; xcLanguageSpecificationIdentifier = xcode.lang.objc; };
		4C42A5E2165A96F100B64970 /* README.rtf */ = {isa = PBXFileReference; fileEncoding = 4; lastKnownFileType = text.rtf; path = README.rtf; sourceTree = "<group>"; };
		4C60121B190978E100BEC685 /* ILobbyTrackDetailController.h */ = {isa = PBXFileReference; fileEncoding = 4; lastKnownFileType = sourcecode.c.h; path = ILobbyTrackDetailController.h; sourceTree = "<group>"; };
		4C60121C190978E100BEC685 /* ILobbyTrackDetailController.m */ = {isa = PBXFileReference; fileEncoding = 4; lastKnownFileType = sourcecode.c.objc; path = ILobbyTrackDetailController.m; sourceTree = "<group>"; };
		4C60121E190AA39900BEC685 /* iLobby 0.9.xcdatamodel */ = {isa = PBXFileReference; lastKnownFileType = wrapper.xcdatamodel; path = "iLobby 0.9.xcdatamodel"; sourceTree = "<group>"; };
		4C60121F190ADAEB00BEC685 /* DefaultSlideIcon.png */ = {isa = PBXFileReference; lastKnownFileType = image.png; path = DefaultSlideIcon.png; sourceTree = "<group>"; };
		4C690BD51820354700A823CC /* ILobbyXMLAttributeParser.h */ = {isa = PBXFileReference; fileEncoding = 4; lastKnownFileType = sourcecode.c.h; path = ILobbyXMLAttributeParser.h; sourceTree = "<group>"; };
		4C690BD61820354700A823CC /* ILobbyXMLAttributeParser.m */ = {isa = PBXFileReference; fileEncoding = 4; lastKnownFileType = sourcecode.c.objc; path = ILobbyXMLAttributeParser.m; sourceTree = "<group>"; };
		4C690BD818214AB300A823CC /* libtidy.dylib */ = {isa = PBXFileReference; lastKnownFileType = "compiled.mach-o.dylib"; name = libtidy.dylib; path = usr/lib/libtidy.dylib; sourceTree = SDKROOT; };
		4C690BE3182155B000A823CC /* buffio.h */ = {isa = PBXFileReference; lastKnownFileType = sourcecode.c.h; path = buffio.h; sourceTree = "<group>"; };
		4C690BE4182155B000A823CC /* platform.h */ = {isa = PBXFileReference; lastKnownFileType = sourcecode.c.h; path = platform.h; sourceTree = "<group>"; };
		4C690BE5182155B000A823CC /* tidy.h */ = {isa = PBXFileReference; lastKnownFileType = sourcecode.c.h; path = tidy.h; sourceTree = "<group>"; };
		4C690BE6182155B000A823CC /* tidyenum.h */ = {isa = PBXFileReference; lastKnownFileType = sourcecode.c.h; path = tidyenum.h; sourceTree = "<group>"; };
		4C690BE718229DD100A823CC /* ILobbyRemoteDirectory.h */ = {isa = PBXFileReference; fileEncoding = 4; lastKnownFileType = sourcecode.c.h; path = ILobbyRemoteDirectory.h; sourceTree = "<group>"; };
		4C690BE818229DD100A823CC /* ILobbyRemoteDirectory.m */ = {isa = PBXFileReference; fileEncoding = 4; lastKnownFileType = sourcecode.c.objc; path = ILobbyRemoteDirectory.m; sourceTree = "<group>"; };
		4C690BEA18229DEE00A823CC /* ILobbyRemoteFile.h */ = {isa = PBXFileReference; fileEncoding = 4; lastKnownFileType = sourcecode.c.h; path = ILobbyRemoteFile.h; sourceTree = "<group>"; };
		4C690BEB18229DEE00A823CC /* ILobbyRemoteFile.m */ = {isa = PBXFileReference; fileEncoding = 4; lastKnownFileType = sourcecode.c.objc; path = ILobbyRemoteFile.m; sourceTree = "<group>"; };
		4C75A81B1652EB7F00375EFF /* ILobbyTransitionSource.h */ = {isa = PBXFileReference; fileEncoding = 4; lastKnownFileType = sourcecode.c.h; path = ILobbyTransitionSource.h; sourceTree = "<group>"; };
		4C75A81C1652EB7F00375EFF /* ILobbyTransitionSource.m */ = {isa = PBXFileReference; fileEncoding = 4; lastKnownFileType = sourcecode.c.objc; path = ILobbyTransitionSource.m; sourceTree = "<group>"; };
		4C82BEC117D7899200740BD1 /* Images.xcassets */ = {isa = PBXFileReference; lastKnownFileType = folder.assetcatalog; path = Images.xcassets; sourceTree = "<group>"; };
		4C865F7F18CE0F7F00F66913 /* ILobbyStoreRemoteItem.h */ = {isa = PBXFileReference; fileEncoding = 4; lastKnownFileType = sourcecode.c.h; path = ILobbyStoreRemoteItem.h; sourceTree = "<group>"; };
		4C865F8018CE0F7F00F66913 /* ILobbyStoreRemoteItem.m */ = {isa = PBXFileReference; fileEncoding = 4; lastKnownFileType = sourcecode.c.objc; path = ILobbyStoreRemoteItem.m; sourceTree = "<group>"; };
		4C9248C418E45A1900A6CBDA /* ILobbyStoreRemoteFile.h */ = {isa = PBXFileReference; fileEncoding = 4; lastKnownFileType = sourcecode.c.h; path = ILobbyStoreRemoteFile.h; sourceTree = "<group>"; };
		4C9248C518E45A1900A6CBDA /* ILobbyStoreRemoteFile.m */ = {isa = PBXFileReference; fileEncoding = 4; lastKnownFileType = sourcecode.c.objc; path = ILobbyStoreRemoteFile.m; sourceTree = "<group>"; };
		4C9248C718E45A3400A6CBDA /* ILobbyStoreRemoteContainer.h */ = {isa = PBXFileReference; fileEncoding = 4; lastKnownFileType = sourcecode.c.h; path = ILobbyStoreRemoteContainer.h; sourceTree = "<group>"; };
		4C9248C818E45A3400A6CBDA /* ILobbyStoreRemoteContainer.m */ = {isa = PBXFileReference; fileEncoding = 4; lastKnownFileType = sourcecode.c.objc; path = ILobbyStoreRemoteContainer.m; sourceTree = "<group>"; };
		4C937D741631AAE200F251FF /* iLobby.app */ = {isa = PBXFileReference; explicitFileType = wrapper.application; includeInIndex = 0; path = iLobby.app; sourceTree = BUILT_PRODUCTS_DIR; };
		4C937D781631AAE200F251FF /* UIKit.framework */ = {isa = PBXFileReference; lastKnownFileType = wrapper.framework; name = UIKit.framework; path = System/Library/Frameworks/UIKit.framework; sourceTree = SDKROOT; };
		4C937D7A1631AAE200F251FF /* Foundation.framework */ = {isa = PBXFileReference; lastKnownFileType = wrapper.framework; name = Foundation.framework; path = System/Library/Frameworks/Foundation.framework; sourceTree = SDKROOT; };
		4C937D7C1631AAE200F251FF /* CoreGraphics.framework */ = {isa = PBXFileReference; lastKnownFileType = wrapper.framework; name = CoreGraphics.framework; path = System/Library/Frameworks/CoreGraphics.framework; sourceTree = SDKROOT; };
		4C937D801631AAE200F251FF /* iLobby-Info.plist */ = {isa = PBXFileReference; lastKnownFileType = text.plist.xml; path = "iLobby-Info.plist"; sourceTree = "<group>"; };
		4C937D821631AAE200F251FF /* en */ = {isa = PBXFileReference; lastKnownFileType = text.plist.strings; name = en; path = en.lproj/InfoPlist.strings; sourceTree = "<group>"; };
		4C937D841631AAE200F251FF /* main.m */ = {isa = PBXFileReference; lastKnownFileType = sourcecode.c.objc; path = main.m; sourceTree = "<group>"; };
		4C937D861631AAE200F251FF /* iLobby-Prefix.pch */ = {isa = PBXFileReference; lastKnownFileType = sourcecode.c.h; path = "iLobby-Prefix.pch"; sourceTree = "<group>"; };
		4C937D871631AAE200F251FF /* ILobbyAppDelegate.h */ = {isa = PBXFileReference; lastKnownFileType = sourcecode.c.h; path = ILobbyAppDelegate.h; sourceTree = "<group>"; };
		4C937D881631AAE200F251FF /* ILobbyAppDelegate.m */ = {isa = PBXFileReference; lastKnownFileType = sourcecode.c.objc; path = ILobbyAppDelegate.m; sourceTree = "<group>"; };
		4C937DA31631B80700F251FF /* QuartzCore.framework */ = {isa = PBXFileReference; lastKnownFileType = wrapper.framework; name = QuartzCore.framework; path = System/Library/Frameworks/QuartzCore.framework; sourceTree = SDKROOT; };
		4C937DA61631BA8F00F251FF /* ILobbyPresenter.h */ = {isa = PBXFileReference; fileEncoding = 4; lastKnownFileType = sourcecode.c.h; path = ILobbyPresenter.h; sourceTree = "<group>"; };
		4C937DA71631BA8F00F251FF /* ILobbyPresenter.m */ = {isa = PBXFileReference; fileEncoding = 4; lastKnownFileType = sourcecode.c.objc; path = ILobbyPresenter.m; sourceTree = "<group>"; };
		4CA2E44518D0CFCE004C0489 /* ILobbyModelContainer.h */ = {isa = PBXFileReference; lastKnownFileType = sourcecode.c.h; path = ILobbyModelContainer.h; sourceTree = "<group>"; };
		4CA2E44A18D0F233004C0489 /* ILobbyPresentationGroupCell.h */ = {isa = PBXFileReference; fileEncoding = 4; lastKnownFileType = sourcecode.c.h; path = ILobbyPresentationGroupCell.h; sourceTree = "<group>"; };
		4CA2E44B18D0F233004C0489 /* ILobbyPresentationGroupCell.m */ = {isa = PBXFileReference; fileEncoding = 4; lastKnownFileType = sourcecode.c.objc; path = ILobbyPresentationGroupCell.m; sourceTree = "<group>"; };
		4CA2F14316357BB90082ADFF /* AVFoundation.framework */ = {isa = PBXFileReference; lastKnownFileType = wrapper.framework; name = AVFoundation.framework; path = System/Library/Frameworks/AVFoundation.framework; sourceTree = SDKROOT; };
		4CA582DB16386913009ACF37 /* CoreMedia.framework */ = {isa = PBXFileReference; lastKnownFileType = wrapper.framework; name = CoreMedia.framework; path = System/Library/Frameworks/CoreMedia.framework; sourceTree = SDKROOT; };
		4CA582E116397A0C009ACF37 /* ILobbyPresentationDelegate.h */ = {isa = PBXFileReference; lastKnownFileType = sourcecode.c.h; path = ILobbyPresentationDelegate.h; sourceTree = "<group>"; };
		4CA7DB7A1900491600CB788A /* ILobbyPresentationDetailController.h */ = {isa = PBXFileReference; fileEncoding = 4; lastKnownFileType = sourcecode.c.h; path = ILobbyPresentationDetailController.h; sourceTree = "<group>"; };
		4CA7DB7B1900491600CB788A /* ILobbyPresentationDetailController.m */ = {isa = PBXFileReference; fileEncoding = 4; lastKnownFileType = sourcecode.c.objc; path = ILobbyPresentationDetailController.m; sourceTree = "<group>"; };
		4CB41D6318D24D710028F1DF /* ILobbyPresentationGroupEditCell.h */ = {isa = PBXFileReference; fileEncoding = 4; lastKnownFileType = sourcecode.c.h; path = ILobbyPresentationGroupEditCell.h; sourceTree = "<group>"; };
		4CB41D6418D24D710028F1DF /* ILobbyPresentationGroupEditCell.m */ = {isa = PBXFileReference; fileEncoding = 4; lastKnownFileType = sourcecode.c.objc; path = ILobbyPresentationGroupEditCell.m; sourceTree = "<group>"; };
		4CC09883183D0DDE006755C8 /* ILobbyRemoteDirectoryItem.h */ = {isa = PBXFileReference; lastKnownFileType = sourcecode.c.h; path = ILobbyRemoteDirectoryItem.h; sourceTree = "<group>"; };
		4CC09891183D4CBF006755C8 /* ILobbyStoreSlide.h */ = {isa = PBXFileReference; fileEncoding = 4; lastKnownFileType = sourcecode.c.h; path = ILobbyStoreSlide.h; sourceTree = "<group>"; };
		4CC09892183D4CBF006755C8 /* ILobbyStoreSlide.m */ = {isa = PBXFileReference; fileEncoding = 4; lastKnownFileType = sourcecode.c.objc; path = ILobbyStoreSlide.m; sourceTree = "<group>"; };
		4CC09894183D4CC0006755C8 /* ILobbyStoreRoot.h */ = {isa = PBXFileReference; fileEncoding = 4; lastKnownFileType = sourcecode.c.h; lineEnding = 0; path = ILobbyStoreRoot.h; sourceTree = "<group>"; xcLanguageSpecificationIdentifier = xcode.lang.objcpp; };
		4CC09895183D4CC0006755C8 /* ILobbyStoreRoot.m */ = {isa = PBXFileReference; fileEncoding = 4; lastKnownFileType = sourcecode.c.objc; lineEnding = 0; path = ILobbyStoreRoot.m; sourceTree = "<group>"; xcLanguageSpecificationIdentifier = xcode.lang.objc; };
		4CC09897183D4CC0006755C8 /* ILobbyStorePresentation.h */ = {isa = PBXFileReference; fileEncoding = 4; lastKnownFileType = sourcecode.c.h; lineEnding = 0; path = ILobbyStorePresentation.h; sourceTree = "<group>"; xcLanguageSpecificationIdentifier = xcode.lang.objcpp; };
		4CC09898183D4CC0006755C8 /* ILobbyStorePresentation.m */ = {isa = PBXFileReference; fileEncoding = 4; lastKnownFileType = sourcecode.c.objc; lineEnding = 0; path = ILobbyStorePresentation.m; sourceTree = "<group>"; xcLanguageSpecificationIdentifier = xcode.lang.objc; };
		4CC0989D183D4CC0006755C8 /* ILobbyStoreTrack.h */ = {isa = PBXFileReference; fileEncoding = 4; lastKnownFileType = sourcecode.c.h; path = ILobbyStoreTrack.h; sourceTree = "<group>"; };
		4CC0989E183D4CC0006755C8 /* ILobbyStoreTrack.m */ = {isa = PBXFileReference; fileEncoding = 4; lastKnownFileType = sourcecode.c.objc; path = ILobbyStoreTrack.m; sourceTree = "<group>"; };
		4CC3919718EDF2B500B9AA4E /* ILobbyDownloadStatus.h */ = {isa = PBXFileReference; fileEncoding = 4; lastKnownFileType = sourcecode.c.h; path = ILobbyDownloadStatus.h; sourceTree = "<group>"; };
		4CC3919818EDF2B500B9AA4E /* ILobbyDownloadStatus.m */ = {isa = PBXFileReference; fileEncoding = 4; lastKnownFileType = sourcecode.c.objc; path = ILobbyDownloadStatus.m; sourceTree = "<group>"; };
		4CC3919A18EDF72C00B9AA4E /* ILobbyDownloadSession.h */ = {isa = PBXFileReference; fileEncoding = 4; lastKnownFileType = sourcecode.c.h; path = ILobbyDownloadSession.h; sourceTree = "<group>"; };
		4CC3919B18EDF72C00B9AA4E /* ILobbyDownloadSession.m */ = {isa = PBXFileReference; fileEncoding = 4; lastKnownFileType = sourcecode.c.objc; path = ILobbyDownloadSession.m; sourceTree = "<group>"; };
		4CC391A218EF05F300B9AA4E /* ILobbyConcurrentDictionary.h */ = {isa = PBXFileReference; fileEncoding = 4; lastKnownFileType = sourcecode.c.h; path = ILobbyConcurrentDictionary.h; sourceTree = "<group>"; };
		4CC391A318EF05F300B9AA4E /* ILobbyConcurrentDictionary.m */ = {isa = PBXFileReference; fileEncoding = 4; lastKnownFileType = sourcecode.c.objc; path = ILobbyConcurrentDictionary.m; sourceTree = "<group>"; };
		4CD0ED7B182978380090EFE5 /* iLobby.xcdatamodel */ = {isa = PBXFileReference; lastKnownFileType = wrapper.xcdatamodel; path = iLobby.xcdatamodel; sourceTree = "<group>"; };
		4CD40CF0190FDBE10000B740 /* iLobby 2.0a.xcdatamodel */ = {isa = PBXFileReference; lastKnownFileType = wrapper.xcdatamodel; path = "iLobby 2.0a.xcdatamodel"; sourceTree = "<group>"; };
		4CDF9AE218CE5467001E26B0 /* ILobbyStorePresentationGroup.h */ = {isa = PBXFileReference; fileEncoding = 4; lastKnownFileType = sourcecode.c.h; path = ILobbyStorePresentationGroup.h; sourceTree = "<group>"; };
		4CDF9AE318CE5467001E26B0 /* ILobbyStorePresentationGroup.m */ = {isa = PBXFileReference; fileEncoding = 4; lastKnownFileType = sourcecode.c.objc; path = ILobbyStorePresentationGroup.m; sourceTree = "<group>"; };
		4CE0DC5118D763B90092C700 /* ILobbyStoreRemoteMedia.h */ = {isa = PBXFileReference; fileEncoding = 4; lastKnownFileType = sourcecode.c.h; path = ILobbyStoreRemoteMedia.h; sourceTree = "<group>"; };
		4CE0DC5218D763B90092C700 /* ILobbyStoreRemoteMedia.m */ = {isa = PBXFileReference; fileEncoding = 4; lastKnownFileType = sourcecode.c.objc; path = ILobbyStoreRemoteMedia.m; sourceTree = "<group>"; };
		4CE0DC5818D8D7AD0092C700 /* ILobbyPresentationGroupDetailController.h */ = {isa = PBXFileReference; fileEncoding = 4; lastKnownFileType = sourcecode.c.h; path = ILobbyPresentationGroupDetailController.h; sourceTree = "<group>"; };
		4CE0DC5918D8D7AD0092C700 /* ILobbyPresentationGroupDetailController.m */ = {isa = PBXFileReference; fileEncoding = 4; lastKnownFileType = sourcecode.c.objc; path = ILobbyPresentationGroupDetailController.m; sourceTree = "<group>"; };
		4CE0DC5B18D9E3EE0092C700 /* ILobbyStoreConfiguration.h */ = {isa = PBXFileReference; fileEncoding = 4; lastKnownFileType = sourcecode.c.h; path = ILobbyStoreConfiguration.h; sourceTree = "<group>"; };
		4CE0DC5C18D9E3EE0092C700 /* ILobbyStoreConfiguration.m */ = {isa = PBXFileReference; fileEncoding = 4; lastKnownFileType = sourcecode.c.objc; path = ILobbyStoreConfiguration.m; sourceTree = "<group>"; };
		4CE1D6C61638219C00026847 /* ILobbySlide.h */ = {isa = PBXFileReference; fileEncoding = 4; lastKnownFileType = sourcecode.c.h; path = ILobbySlide.h; sourceTree = "<group>"; };
		4CE1D6C71638219C00026847 /* ILobbySlide.m */ = {isa = PBXFileReference; fileEncoding = 4; lastKnownFileType = sourcecode.c.objc; path = ILobbySlide.m; sourceTree = "<group>"; };
/* End PBXFileReference section */

/* Begin PBXFrameworksBuildPhase section */
		4C937D711631AAE200F251FF /* Frameworks */ = {
			isa = PBXFrameworksBuildPhase;
			buildActionMask = 2147483647;
			files = (
				4C690BD918214AB300A823CC /* libtidy.dylib in Frameworks */,
				4CA582DC16386913009ACF37 /* CoreMedia.framework in Frameworks */,
				4CA2F14416357BB90082ADFF /* AVFoundation.framework in Frameworks */,
				4C937DA41631B80700F251FF /* QuartzCore.framework in Frameworks */,
				4C937D791631AAE200F251FF /* UIKit.framework in Frameworks */,
				4C937D7B1631AAE200F251FF /* Foundation.framework in Frameworks */,
				4C937D7D1631AAE200F251FF /* CoreGraphics.framework in Frameworks */,
			);
			runOnlyForDeploymentPostprocessing = 0;
		};
/* End PBXFrameworksBuildPhase section */

/* Begin PBXGroup section */
		4C690BD2181EED4D00A823CC /* Download */ = {
			isa = PBXGroup;
			children = (
				4CC09883183D0DDE006755C8 /* ILobbyRemoteDirectoryItem.h */,
				4C690BE718229DD100A823CC /* ILobbyRemoteDirectory.h */,
				4C690BE818229DD100A823CC /* ILobbyRemoteDirectory.m */,
				4C690BEA18229DEE00A823CC /* ILobbyRemoteFile.h */,
				4C690BEB18229DEE00A823CC /* ILobbyRemoteFile.m */,
				4C690BE21821559F00A823CC /* tidy */,
				4C690BD51820354700A823CC /* ILobbyXMLAttributeParser.h */,
				4C690BD61820354700A823CC /* ILobbyXMLAttributeParser.m */,
				4CC3919718EDF2B500B9AA4E /* ILobbyDownloadStatus.h */,
				4CC3919818EDF2B500B9AA4E /* ILobbyDownloadStatus.m */,
				4CC3919A18EDF72C00B9AA4E /* ILobbyDownloadSession.h */,
				4CC3919B18EDF72C00B9AA4E /* ILobbyDownloadSession.m */,
			);
			name = Download;
			sourceTree = "<group>";
		};
		4C690BD3181EED5D00A823CC /* View Controllers */ = {
			isa = PBXGroup;
			children = (
				4C1B0D3E18D0971C001B0B00 /* Storyboard.storyboard */,
				4C01BD4D1636F69100065A97 /* ILobbyViewController.h */,
				4C01BD4E1636F69100065A97 /* ILobbyViewController.m */,
				4C1B0D4618D0AD30001B0B00 /* ILobbyPresentationGroupsTableController.h */,
				4C1B0D4718D0AD30001B0B00 /* ILobbyPresentationGroupsTableController.m */,
				4CE0DC5818D8D7AD0092C700 /* ILobbyPresentationGroupDetailController.h */,
				4CE0DC5918D8D7AD0092C700 /* ILobbyPresentationGroupDetailController.m */,
				4CA7DB7A1900491600CB788A /* ILobbyPresentationDetailController.h */,
				4CA7DB7B1900491600CB788A /* ILobbyPresentationDetailController.m */,
				4C60121B190978E100BEC685 /* ILobbyTrackDetailController.h */,
				4C60121C190978E100BEC685 /* ILobbyTrackDetailController.m */,
			);
			name = "View Controllers";
			sourceTree = "<group>";
		};
		4C690BD4181EED8800A823CC /* Presentation */ = {
			isa = PBXGroup;
			children = (
				4CA582E116397A0C009ACF37 /* ILobbyPresentationDelegate.h */,
				4C937DA61631BA8F00F251FF /* ILobbyPresenter.h */,
				4C937DA71631BA8F00F251FF /* ILobbyPresenter.m */,
				4CE1D6C61638219C00026847 /* ILobbySlide.h */,
				4CE1D6C71638219C00026847 /* ILobbySlide.m */,
				4C01BD561637150700065A97 /* ILobbyTrack.h */,
				4C01BD571637150700065A97 /* ILobbyTrack.m */,
				4C01BD5C16371E1A00065A97 /* ILobbyTrackViewCell.h */,
				4C01BD5D16371E1A00065A97 /* ILobbyTrackViewCell.m */,
				4C75A81B1652EB7F00375EFF /* ILobbyTransitionSource.h */,
				4C75A81C1652EB7F00375EFF /* ILobbyTransitionSource.m */,
			);
			name = Presentation;
			sourceTree = "<group>";
		};
		4C690BE21821559F00A823CC /* tidy */ = {
			isa = PBXGroup;
			children = (
				4C690BE3182155B000A823CC /* buffio.h */,
				4C690BE4182155B000A823CC /* platform.h */,
				4C690BE5182155B000A823CC /* tidy.h */,
				4C690BE6182155B000A823CC /* tidyenum.h */,
			);
			path = tidy;
			sourceTree = "<group>";
		};
		4C937D691631AAE200F251FF = {
			isa = PBXGroup;
			children = (
				4C937D7E1631AAE200F251FF /* iLobby */,
				4C937D771631AAE200F251FF /* Frameworks */,
				4C937D751631AAE200F251FF /* Products */,
			);
			sourceTree = "<group>";
		};
		4C937D751631AAE200F251FF /* Products */ = {
			isa = PBXGroup;
			children = (
				4C937D741631AAE200F251FF /* iLobby.app */,
			);
			name = Products;
			sourceTree = "<group>";
		};
		4C937D771631AAE200F251FF /* Frameworks */ = {
			isa = PBXGroup;
			children = (
				4C690BD818214AB300A823CC /* libtidy.dylib */,
				4CA582DB16386913009ACF37 /* CoreMedia.framework */,
				4C937D781631AAE200F251FF /* UIKit.framework */,
				4C937D7A1631AAE200F251FF /* Foundation.framework */,
				4C937D7C1631AAE200F251FF /* CoreGraphics.framework */,
				4CA2F14316357BB90082ADFF /* AVFoundation.framework */,
				4C937DA31631B80700F251FF /* QuartzCore.framework */,
			);
			name = Frameworks;
			sourceTree = "<group>";
		};
		4C937D7E1631AAE200F251FF /* iLobby */ = {
			isa = PBXGroup;
			children = (
				4C937D871631AAE200F251FF /* ILobbyAppDelegate.h */,
				4C937D881631AAE200F251FF /* ILobbyAppDelegate.m */,
				4CC391A118EF05E500B9AA4E /* Utils */,
				4C690BD3181EED5D00A823CC /* View Controllers */,
				4CA2E44618D0DA31004C0489 /* Cells */,
				4C690BD2181EED4D00A823CC /* Download */,
				4C690BD4181EED8800A823CC /* Presentation */,
				4CD0ED79182977AA0090EFE5 /* Model */,
				4CC09884183D3C48006755C8 /* Store */,
				4C937D7F1631AAE200F251FF /* Supporting Files */,
				4C82BEC117D7899200740BD1 /* Images.xcassets */,
			);
			path = iLobby;
			sourceTree = "<group>";
		};
		4C937D7F1631AAE200F251FF /* Supporting Files */ = {
			isa = PBXGroup;
			children = (
				4C60121F190ADAEB00BEC685 /* DefaultSlideIcon.png */,
				4C42A5E2165A96F100B64970 /* README.rtf */,
				4C937D801631AAE200F251FF /* iLobby-Info.plist */,
				4C937D811631AAE200F251FF /* InfoPlist.strings */,
				4C937D841631AAE200F251FF /* main.m */,
				4C937D861631AAE200F251FF /* iLobby-Prefix.pch */,
			);
			name = "Supporting Files";
			sourceTree = "<group>";
		};
		4CA2E44618D0DA31004C0489 /* Cells */ = {
			isa = PBXGroup;
			children = (
				4CA2E44A18D0F233004C0489 /* ILobbyPresentationGroupCell.h */,
				4CA2E44B18D0F233004C0489 /* ILobbyPresentationGroupCell.m */,
				4CB41D6318D24D710028F1DF /* ILobbyPresentationGroupEditCell.h */,
				4CB41D6418D24D710028F1DF /* ILobbyPresentationGroupEditCell.m */,
				4C188A1519094FEF00B3EBF1 /* ILobbyLabelCell.h */,
				4C188A1619094FEF00B3EBF1 /* ILobbyLabelCell.m */,
				4C188A181909500500B3EBF1 /* ILobbyDownloadStatusCell.h */,
				4C188A191909500500B3EBF1 /* ILobbyDownloadStatusCell.m */,
			);
			name = Cells;
			sourceTree = "<group>";
		};
		4CC09884183D3C48006755C8 /* Store */ = {
			isa = PBXGroup;
			children = (
				4CD0ED7A182978380090EFE5 /* iLobby.xcdatamodeld */,
				4CE0DC5B18D9E3EE0092C700 /* ILobbyStoreConfiguration.h */,
				4CE0DC5C18D9E3EE0092C700 /* ILobbyStoreConfiguration.m */,
				4CC09897183D4CC0006755C8 /* ILobbyStorePresentation.h */,
				4CC09898183D4CC0006755C8 /* ILobbyStorePresentation.m */,
				4CDF9AE218CE5467001E26B0 /* ILobbyStorePresentationGroup.h */,
				4CDF9AE318CE5467001E26B0 /* ILobbyStorePresentationGroup.m */,
				4CC09891183D4CBF006755C8 /* ILobbyStoreSlide.h */,
				4CC09892183D4CBF006755C8 /* ILobbyStoreSlide.m */,
				4CC0989D183D4CC0006755C8 /* ILobbyStoreTrack.h */,
				4CC0989E183D4CC0006755C8 /* ILobbyStoreTrack.m */,
				4C9248C718E45A3400A6CBDA /* ILobbyStoreRemoteContainer.h */,
				4C9248C818E45A3400A6CBDA /* ILobbyStoreRemoteContainer.m */,
				4C9248C418E45A1900A6CBDA /* ILobbyStoreRemoteFile.h */,
				4C9248C518E45A1900A6CBDA /* ILobbyStoreRemoteFile.m */,
				4C865F7F18CE0F7F00F66913 /* ILobbyStoreRemoteItem.h */,
				4C865F8018CE0F7F00F66913 /* ILobbyStoreRemoteItem.m */,
				4CE0DC5118D763B90092C700 /* ILobbyStoreRemoteMedia.h */,
				4CE0DC5218D763B90092C700 /* ILobbyStoreRemoteMedia.m */,
				4CC09894183D4CC0006755C8 /* ILobbyStoreRoot.h */,
				4CC09895183D4CC0006755C8 /* ILobbyStoreRoot.m */,
			);
			name = Store;
			sourceTree = "<group>";
		};
		4CC391A118EF05E500B9AA4E /* Utils */ = {
			isa = PBXGroup;
			children = (
				4CC391A218EF05F300B9AA4E /* ILobbyConcurrentDictionary.h */,
				4CC391A318EF05F300B9AA4E /* ILobbyConcurrentDictionary.m */,
			);
			name = Utils;
			sourceTree = "<group>";
		};
		4CD0ED79182977AA0090EFE5 /* Model */ = {
			isa = PBXGroup;
			children = (
				4C01BD501636F88500065A97 /* ILobbyModel.h */,
				4C01BD511636F88500065A97 /* ILobbyModel.m */,
				4CA2E44518D0CFCE004C0489 /* ILobbyModelContainer.h */,
			);
			name = Model;
			sourceTree = "<group>";
		};
/* End PBXGroup section */

/* Begin PBXNativeTarget section */
		4C937D731631AAE200F251FF /* iLobby */ = {
			isa = PBXNativeTarget;
			buildConfigurationList = 4C937D981631AAE200F251FF /* Build configuration list for PBXNativeTarget "iLobby" */;
			buildPhases = (
				4C937D701631AAE200F251FF /* Sources */,
				4C937D711631AAE200F251FF /* Frameworks */,
				4C937D721631AAE200F251FF /* Resources */,
			);
			buildRules = (
			);
			dependencies = (
			);
			name = iLobby;
			productName = iLobby;
			productReference = 4C937D741631AAE200F251FF /* iLobby.app */;
			productType = "com.apple.product-type.application";
		};
/* End PBXNativeTarget section */

/* Begin PBXProject section */
		4C937D6B1631AAE200F251FF /* Project object */ = {
			isa = PBXProject;
			attributes = {
				CLASSPREFIX = ILobby;
				LastUpgradeCheck = 0500;
				ORGANIZATIONNAME = "UT-Battelle ORNL";
				TargetAttributes = {
					4C937D731631AAE200F251FF = {
						DevelopmentTeam = 8A84E55QYK;
						SystemCapabilities = {
							com.apple.Keychain = {
								enabled = 0;
							};
						};
					};
				};
			};
			buildConfigurationList = 4C937D6E1631AAE200F251FF /* Build configuration list for PBXProject "iLobby" */;
			compatibilityVersion = "Xcode 3.2";
			developmentRegion = English;
			hasScannedForEncodings = 0;
			knownRegions = (
				en,
			);
			mainGroup = 4C937D691631AAE200F251FF;
			productRefGroup = 4C937D751631AAE200F251FF /* Products */;
			projectDirPath = "";
			projectRoot = "";
			targets = (
				4C937D731631AAE200F251FF /* iLobby */,
			);
		};
/* End PBXProject section */

/* Begin PBXResourcesBuildPhase section */
		4C937D721631AAE200F251FF /* Resources */ = {
			isa = PBXResourcesBuildPhase;
			buildActionMask = 2147483647;
			files = (
				4C937D831631AAE200F251FF /* InfoPlist.strings in Resources */,
				4C82BEC217D7899200740BD1 /* Images.xcassets in Resources */,
				4C601220190ADAEB00BEC685 /* DefaultSlideIcon.png in Resources */,
				4C42A5E3165A96F100B64970 /* README.rtf in Resources */,
				4C1B0D3F18D0971C001B0B00 /* Storyboard.storyboard in Resources */,
			);
			runOnlyForDeploymentPostprocessing = 0;
		};
/* End PBXResourcesBuildPhase section */

/* Begin PBXSourcesBuildPhase section */
		4C937D701631AAE200F251FF /* Sources */ = {
			isa = PBXSourcesBuildPhase;
			buildActionMask = 2147483647;
			files = (
				4CC09899183D4CC0006755C8 /* ILobbyStorePresentation.m in Sources */,
				4C9248C618E45A1900A6CBDA /* ILobbyStoreRemoteFile.m in Sources */,
				4C937D851631AAE200F251FF /* main.m in Sources */,
				4C937D891631AAE200F251FF /* ILobbyAppDelegate.m in Sources */,
				4CC391A418EF05F300B9AA4E /* ILobbyConcurrentDictionary.m in Sources */,
				4CDF9AE418CE5467001E26B0 /* ILobbyStorePresentationGroup.m in Sources */,
				4C937DA81631BA8F00F251FF /* ILobbyPresenter.m in Sources */,
				4CD0ED7C182978380090EFE5 /* iLobby.xcdatamodeld in Sources */,
				4CA2E44C18D0F233004C0489 /* ILobbyPresentationGroupCell.m in Sources */,
				4C1B0D4818D0AD30001B0B00 /* ILobbyPresentationGroupsTableController.m in Sources */,
				4C01BD4F1636F69100065A97 /* ILobbyViewController.m in Sources */,
				4C865F8118CE0F7F00F66913 /* ILobbyStoreRemoteItem.m in Sources */,
				4C690BEC18229DEE00A823CC /* ILobbyRemoteFile.m in Sources */,
				4C01BD521636F88600065A97 /* ILobbyModel.m in Sources */,
				4CC3919918EDF2B500B9AA4E /* ILobbyDownloadStatus.m in Sources */,
				4CC09893183D4CBF006755C8 /* ILobbyStoreSlide.m in Sources */,
				4C60121D190978E100BEC685 /* ILobbyTrackDetailController.m in Sources */,
				4CE0DC5D18D9E3EE0092C700 /* ILobbyStoreConfiguration.m in Sources */,
				4CE0DC5318D763B90092C700 /* ILobbyStoreRemoteMedia.m in Sources */,
				4CA7DB7C1900491600CB788A /* ILobbyPresentationDetailController.m in Sources */,
				4CC3919C18EDF72C00B9AA4E /* ILobbyDownloadSession.m in Sources */,
				4C01BD581637150700065A97 /* ILobbyTrack.m in Sources */,
				4CB41D6518D24D710028F1DF /* ILobbyPresentationGroupEditCell.m in Sources */,
				4C690BD71820354700A823CC /* ILobbyXMLAttributeParser.m in Sources */,
				4C188A1719094FEF00B3EBF1 /* ILobbyLabelCell.m in Sources */,
				4C690BE918229DD100A823CC /* ILobbyRemoteDirectory.m in Sources */,
				4C01BD5E16371E1B00065A97 /* ILobbyTrackViewCell.m in Sources */,
				4CE1D6C81638219C00026847 /* ILobbySlide.m in Sources */,
				4C9248C918E45A3400A6CBDA /* ILobbyStoreRemoteContainer.m in Sources */,
				4CC0989F183D4CC0006755C8 /* ILobbyStoreTrack.m in Sources */,
				4C188A1A1909500500B3EBF1 /* ILobbyDownloadStatusCell.m in Sources */,
				4C75A81D1652EB7F00375EFF /* ILobbyTransitionSource.m in Sources */,
				4CE0DC5A18D8D7AD0092C700 /* ILobbyPresentationGroupDetailController.m in Sources */,
				4CC09896183D4CC0006755C8 /* ILobbyStoreRoot.m in Sources */,
			);
			runOnlyForDeploymentPostprocessing = 0;
		};
/* End PBXSourcesBuildPhase section */

/* Begin PBXVariantGroup section */
		4C937D811631AAE200F251FF /* InfoPlist.strings */ = {
			isa = PBXVariantGroup;
			children = (
				4C937D821631AAE200F251FF /* en */,
			);
			name = InfoPlist.strings;
			sourceTree = "<group>";
		};
/* End PBXVariantGroup section */

/* Begin XCBuildConfiguration section */
		4C937D961631AAE200F251FF /* Debug */ = {
			isa = XCBuildConfiguration;
			buildSettings = {
				ALWAYS_SEARCH_USER_PATHS = NO;
				CLANG_CXX_LANGUAGE_STANDARD = "gnu++0x";
				CLANG_CXX_LIBRARY = "libc++";
				CLANG_ENABLE_MODULES = YES;
				CLANG_ENABLE_OBJC_ARC = YES;
				CLANG_WARN_EMPTY_BODY = YES;
				CLANG_WARN__DUPLICATE_METHOD_MATCH = YES;
				CODE_SIGN_ENTITLEMENTS = Entitlements.plist;
				CODE_SIGN_IDENTITY = "iPhone Distribution";
				"CODE_SIGN_IDENTITY[sdk=iphoneos*]" = "iPhone Distribution";
				COPY_PHASE_STRIP = NO;
				GCC_C_LANGUAGE_STANDARD = gnu99;
				GCC_DYNAMIC_NO_PIC = NO;
				GCC_OPTIMIZATION_LEVEL = 0;
				GCC_PREPROCESSOR_DEFINITIONS = (
					"DEBUG=1",
					"$(inherited)",
				);
				GCC_SYMBOLS_PRIVATE_EXTERN = NO;
				GCC_WARN_ABOUT_RETURN_TYPE = YES;
				GCC_WARN_UNINITIALIZED_AUTOS = YES;
				GCC_WARN_UNUSED_VARIABLE = YES;
				IPHONEOS_DEPLOYMENT_TARGET = 7.0;
				ONLY_ACTIVE_ARCH = YES;
				SDKROOT = iphoneos;
			};
			name = Debug;
		};
		4C937D971631AAE200F251FF /* Release */ = {
			isa = XCBuildConfiguration;
			buildSettings = {
				ALWAYS_SEARCH_USER_PATHS = NO;
				CLANG_CXX_LANGUAGE_STANDARD = "gnu++0x";
				CLANG_CXX_LIBRARY = "libc++";
				CLANG_ENABLE_MODULES = YES;
				CLANG_ENABLE_OBJC_ARC = YES;
				CLANG_WARN_EMPTY_BODY = YES;
				CLANG_WARN__DUPLICATE_METHOD_MATCH = YES;
				CODE_SIGN_ENTITLEMENTS = Entitlements.plist;
				CODE_SIGN_IDENTITY = "iPhone Distribution";
				"CODE_SIGN_IDENTITY[sdk=iphoneos*]" = "iPhone Distribution";
				COPY_PHASE_STRIP = YES;
				GCC_C_LANGUAGE_STANDARD = gnu99;
				GCC_WARN_ABOUT_RETURN_TYPE = YES;
				GCC_WARN_UNINITIALIZED_AUTOS = YES;
				GCC_WARN_UNUSED_VARIABLE = YES;
				IPHONEOS_DEPLOYMENT_TARGET = 7.0;
				OTHER_CFLAGS = "-DNS_BLOCK_ASSERTIONS=1";
				SDKROOT = iphoneos;
				VALIDATE_PRODUCT = YES;
			};
			name = Release;
		};
		4C937D991631AAE200F251FF /* Debug */ = {
			isa = XCBuildConfiguration;
			buildSettings = {
				ASSETCATALOG_COMPILER_APPICON_NAME = AppIcon;
				ASSETCATALOG_COMPILER_LAUNCHIMAGE_NAME = LaunchImage;
				CLANG_WARN_DOCUMENTATION_COMMENTS = YES;
				CODE_SIGN_ENTITLEMENTS = "";
				CODE_SIGN_IDENTITY = "iPhone Developer";
				"CODE_SIGN_IDENTITY[sdk=iphoneos*]" = "iPhone Developer";
				GCC_C_LANGUAGE_STANDARD = gnu11;
				GCC_PRECOMPILE_PREFIX_HEADER = YES;
				GCC_PREFIX_HEADER = "iLobby/iLobby-Prefix.pch";
				INFOPLIST_FILE = "iLobby/iLobby-Info.plist";
				IPHONEOS_DEPLOYMENT_TARGET = 7.0;
				PRODUCT_NAME = "$(TARGET_NAME)";
				TARGETED_DEVICE_FAMILY = 2;
				WRAPPER_EXTENSION = app;
			};
			name = Debug;
		};
		4C937D9A1631AAE200F251FF /* Release */ = {
			isa = XCBuildConfiguration;
			buildSettings = {
				ASSETCATALOG_COMPILER_APPICON_NAME = AppIcon;
				ASSETCATALOG_COMPILER_LAUNCHIMAGE_NAME = LaunchImage;
				CLANG_WARN_DOCUMENTATION_COMMENTS = YES;
				CODE_SIGN_ENTITLEMENTS = "";
				CODE_SIGN_IDENTITY = "iPhone Distribution";
				"CODE_SIGN_IDENTITY[sdk=iphoneos*]" = "iPhone Distribution";
				GCC_C_LANGUAGE_STANDARD = gnu11;
				GCC_PRECOMPILE_PREFIX_HEADER = YES;
				GCC_PREFIX_HEADER = "iLobby/iLobby-Prefix.pch";
				INFOPLIST_FILE = "iLobby/iLobby-Info.plist";
				IPHONEOS_DEPLOYMENT_TARGET = 7.0;
				PRODUCT_NAME = "$(TARGET_NAME)";
				TARGETED_DEVICE_FAMILY = 2;
				WRAPPER_EXTENSION = app;
			};
			name = Release;
		};
/* End XCBuildConfiguration section */

/* Begin XCConfigurationList section */
		4C937D6E1631AAE200F251FF /* Build configuration list for PBXProject "iLobby" */ = {
			isa = XCConfigurationList;
			buildConfigurations = (
				4C937D961631AAE200F251FF /* Debug */,
				4C937D971631AAE200F251FF /* Release */,
			);
			defaultConfigurationIsVisible = 0;
			defaultConfigurationName = Release;
		};
		4C937D981631AAE200F251FF /* Build configuration list for PBXNativeTarget "iLobby" */ = {
			isa = XCConfigurationList;
			buildConfigurations = (
				4C937D991631AAE200F251FF /* Debug */,
				4C937D9A1631AAE200F251FF /* Release */,
			);
			defaultConfigurationIsVisible = 0;
			defaultConfigurationName = Release;
		};
/* End XCConfigurationList section */

/* Begin XCVersionGroup section */
		4CD0ED7A182978380090EFE5 /* iLobby.xcdatamodeld */ = {
			isa = XCVersionGroup;
			children = (
				4C60121E190AA39900BEC685 /* iLobby 0.9.xcdatamodel */,
				4CD40CF0190FDBE10000B740 /* iLobby 2.0a.xcdatamodel */,
				4CD0ED7B182978380090EFE5 /* iLobby.xcdatamodel */,
			);
			currentVersion = 4CD40CF0190FDBE10000B740 /* iLobby 2.0a.xcdatamodel */;
			path = iLobby.xcdatamodeld;
			sourceTree = "<group>";
			versionGroupType = wrapper.xcdatamodel;
		};
/* End XCVersionGroup section */
	};
	rootObject = 4C937D6B1631AAE200F251FF /* Project object */;
}
